// !$*UTF8*$!
{
	archiveVersion = 1;
	classes = {
	};
	objectVersion = 46;
	objects = {

/* Begin PBXBuildFile section */
		3134D35B184124E5008DFEB6 /* CoreData.framework in Frameworks */ = {isa = PBXBuildFile; fileRef = 3134D35A184124E5008DFEB6 /* CoreData.framework */; };
		3134D35E1841252E008DFEB6 /* CourseShopper.xcdatamodeld in Sources */ = {isa = PBXBuildFile; fileRef = 3134D35C1841252E008DFEB6 /* CourseShopper.xcdatamodeld */; };
		31841E4F184FA6F1004127EF /* abbrevs.txt in Resources */ = {isa = PBXBuildFile; fileRef = 31841E4D184FA6F1004127EF /* abbrevs.txt */; };
		31841E50184FA6F1004127EF /* titles.txt in Resources */ = {isa = PBXBuildFile; fileRef = 31841E4E184FA6F1004127EF /* titles.txt */; };
		31B1CB7018452C1A007C0A12 /* class_list.json in Resources */ = {isa = PBXBuildFile; fileRef = 31B1CB6F18452C1A007C0A12 /* class_list.json */; };
		31B1CB72184A400C007C0A12 /* deps.plist in Resources */ = {isa = PBXBuildFile; fileRef = 31B1CB71184A400C007C0A12 /* deps.plist */; };
		31B1CB76184A41FB007C0A12 /* deps.txt in Resources */ = {isa = PBXBuildFile; fileRef = 31B1CB75184A41FB007C0A12 /* deps.txt */; };
		31B1CB78184AABE9007C0A12 /* dps.plist in Resources */ = {isa = PBXBuildFile; fileRef = 31B1CB77184AABE9007C0A12 /* dps.plist */; };
		31B1CB7A184AF654007C0A12 /* deptLong.txt in Resources */ = {isa = PBXBuildFile; fileRef = 31B1CB79184AF654007C0A12 /* deptLong.txt */; };
		31B44A3218440BE1000DCAEC /* Department.m in Sources */ = {isa = PBXBuildFile; fileRef = 31B44A3118440BE1000DCAEC /* Department.m */; };
		31B44A3518440BE2000DCAEC /* Course.m in Sources */ = {isa = PBXBuildFile; fileRef = 31B44A3418440BE2000DCAEC /* Course.m */; };
		8C2CD68317F2CC0500CAA5EF /* Foundation.framework in Frameworks */ = {isa = PBXBuildFile; fileRef = 8C2CD68217F2CC0500CAA5EF /* Foundation.framework */; };
		8C2CD68517F2CC0500CAA5EF /* CoreGraphics.framework in Frameworks */ = {isa = PBXBuildFile; fileRef = 8C2CD68417F2CC0500CAA5EF /* CoreGraphics.framework */; };
		8C2CD68717F2CC0500CAA5EF /* UIKit.framework in Frameworks */ = {isa = PBXBuildFile; fileRef = 8C2CD68617F2CC0500CAA5EF /* UIKit.framework */; };
		8C2CD68D17F2CC0500CAA5EF /* InfoPlist.strings in Resources */ = {isa = PBXBuildFile; fileRef = 8C2CD68B17F2CC0500CAA5EF /* InfoPlist.strings */; };
		8C2CD68F17F2CC0500CAA5EF /* main.m in Sources */ = {isa = PBXBuildFile; fileRef = 8C2CD68E17F2CC0500CAA5EF /* main.m */; };
		8C2CD69317F2CC0500CAA5EF /* AppDelegate.m in Sources */ = {isa = PBXBuildFile; fileRef = 8C2CD69217F2CC0500CAA5EF /* AppDelegate.m */; };
		8C2CD69617F2CC0500CAA5EF /* Main_iPhone.storyboard in Resources */ = {isa = PBXBuildFile; fileRef = 8C2CD69417F2CC0500CAA5EF /* Main_iPhone.storyboard */; };
		8C2CD69917F2CC0500CAA5EF /* Main_iPad.storyboard in Resources */ = {isa = PBXBuildFile; fileRef = 8C2CD69717F2CC0500CAA5EF /* Main_iPad.storyboard */; };
		8C2CD69E17F2CC0500CAA5EF /* Images.xcassets in Resources */ = {isa = PBXBuildFile; fileRef = 8C2CD69D17F2CC0500CAA5EF /* Images.xcassets */; };
		8C2CD6A517F2CC0500CAA5EF /* XCTest.framework in Frameworks */ = {isa = PBXBuildFile; fileRef = 8C2CD6A417F2CC0500CAA5EF /* XCTest.framework */; };
		8C2CD6A617F2CC0500CAA5EF /* Foundation.framework in Frameworks */ = {isa = PBXBuildFile; fileRef = 8C2CD68217F2CC0500CAA5EF /* Foundation.framework */; };
		8C2CD6A717F2CC0500CAA5EF /* UIKit.framework in Frameworks */ = {isa = PBXBuildFile; fileRef = 8C2CD68617F2CC0500CAA5EF /* UIKit.framework */; };
		8C2CD6AF17F2CC0500CAA5EF /* InfoPlist.strings in Resources */ = {isa = PBXBuildFile; fileRef = 8C2CD6AD17F2CC0500CAA5EF /* InfoPlist.strings */; };
		8C2CD6B117F2CC0500CAA5EF /* CourseShopperTests.m in Sources */ = {isa = PBXBuildFile; fileRef = 8C2CD6B017F2CC0500CAA5EF /* CourseShopperTests.m */; };
		8CA91741183D384A0059A923 /* CalendarViewController.m in Sources */ = {isa = PBXBuildFile; fileRef = 8CA91740183D384A0059A923 /* CalendarViewController.m */; };
		8CA91745183D39370059A923 /* LoginViewController.m in Sources */ = {isa = PBXBuildFile; fileRef = 8CA91744183D39370059A923 /* LoginViewController.m */; };
		8CA91749183D3E650059A923 /* DepartmentTableViewController.m in Sources */ = {isa = PBXBuildFile; fileRef = 8CA91748183D3E650059A923 /* DepartmentTableViewController.m */; };
		8CA9174D183D42C20059A923 /* CourseTableViewController.m in Sources */ = {isa = PBXBuildFile; fileRef = 8CA9174C183D42C20059A923 /* CourseTableViewController.m */; };
		8CA91751183D42FA0059A923 /* CourseViewController.m in Sources */ = {isa = PBXBuildFile; fileRef = 8CA91750183D42FA0059A923 /* CourseViewController.m */; };
/* End PBXBuildFile section */

/* Begin PBXContainerItemProxy section */
		8C2CD6A817F2CC0500CAA5EF /* PBXContainerItemProxy */ = {
			isa = PBXContainerItemProxy;
			containerPortal = 8C2CD67717F2CC0500CAA5EF /* Project object */;
			proxyType = 1;
			remoteGlobalIDString = 8C2CD67E17F2CC0500CAA5EF;
			remoteInfo = CourseShopper;
		};
/* End PBXContainerItemProxy section */

/* Begin PBXFileReference section */
		3134D35A184124E5008DFEB6 /* CoreData.framework */ = {isa = PBXFileReference; lastKnownFileType = wrapper.framework; name = CoreData.framework; path = System/Library/Frameworks/CoreData.framework; sourceTree = SDKROOT; };
		3134D35D1841252E008DFEB6 /* CourseShopper.xcdatamodel */ = {isa = PBXFileReference; lastKnownFileType = wrapper.xcdatamodel; path = CourseShopper.xcdatamodel; sourceTree = "<group>"; };
		31841E4D184FA6F1004127EF /* abbrevs.txt */ = {isa = PBXFileReference; fileEncoding = 4; lastKnownFileType = text; name = abbrevs.txt; path = ../../../../Desktop/abbrevs.txt; sourceTree = "<group>"; };
		31841E4E184FA6F1004127EF /* titles.txt */ = {isa = PBXFileReference; fileEncoding = 4; lastKnownFileType = text; name = titles.txt; path = ../../../../Desktop/titles.txt; sourceTree = "<group>"; };
		31B1CB6F18452C1A007C0A12 /* class_list.json */ = {isa = PBXFileReference; fileEncoding = 4; lastKnownFileType = text.json; name = class_list.json; path = ../../../../Desktop/class_list.json; sourceTree = "<group>"; };
		31B1CB71184A400C007C0A12 /* deps.plist */ = {isa = PBXFileReference; lastKnownFileType = text.plist; name = deps.plist; path = ../../../../Desktop/deps.plist; sourceTree = "<group>"; };
		31B1CB75184A41FB007C0A12 /* deps.txt */ = {isa = PBXFileReference; fileEncoding = 4; lastKnownFileType = text; name = deps.txt; path = ../../../../Desktop/deps.txt; sourceTree = "<group>"; };
		31B1CB77184AABE9007C0A12 /* dps.plist */ = {isa = PBXFileReference; fileEncoding = 4; lastKnownFileType = text.plist.xml; path = dps.plist; sourceTree = "<group>"; };
		31B1CB79184AF654007C0A12 /* deptLong.txt */ = {isa = PBXFileReference; fileEncoding = 4; lastKnownFileType = text; name = deptLong.txt; path = ../../../../Desktop/deptLong.txt; sourceTree = "<group>"; };
		31B44A3018440BE1000DCAEC /* Department.h */ = {isa = PBXFileReference; fileEncoding = 4; lastKnownFileType = sourcecode.c.h; path = Department.h; sourceTree = "<group>"; };
		31B44A3118440BE1000DCAEC /* Department.m */ = {isa = PBXFileReference; fileEncoding = 4; lastKnownFileType = sourcecode.c.objc; path = Department.m; sourceTree = "<group>"; };
		31B44A3318440BE2000DCAEC /* Course.h */ = {isa = PBXFileReference; fileEncoding = 4; lastKnownFileType = sourcecode.c.h; path = Course.h; sourceTree = "<group>"; };
		31B44A3418440BE2000DCAEC /* Course.m */ = {isa = PBXFileReference; fileEncoding = 4; lastKnownFileType = sourcecode.c.objc; path = Course.m; sourceTree = "<group>"; };
		8C2CD67F17F2CC0500CAA5EF /* CourseShopper.app */ = {isa = PBXFileReference; explicitFileType = wrapper.application; includeInIndex = 0; path = CourseShopper.app; sourceTree = BUILT_PRODUCTS_DIR; };
		8C2CD68217F2CC0500CAA5EF /* Foundation.framework */ = {isa = PBXFileReference; lastKnownFileType = wrapper.framework; name = Foundation.framework; path = System/Library/Frameworks/Foundation.framework; sourceTree = SDKROOT; };
		8C2CD68417F2CC0500CAA5EF /* CoreGraphics.framework */ = {isa = PBXFileReference; lastKnownFileType = wrapper.framework; name = CoreGraphics.framework; path = System/Library/Frameworks/CoreGraphics.framework; sourceTree = SDKROOT; };
		8C2CD68617F2CC0500CAA5EF /* UIKit.framework */ = {isa = PBXFileReference; lastKnownFileType = wrapper.framework; name = UIKit.framework; path = System/Library/Frameworks/UIKit.framework; sourceTree = SDKROOT; };
		8C2CD68A17F2CC0500CAA5EF /* CourseShopper-Info.plist */ = {isa = PBXFileReference; lastKnownFileType = text.plist.xml; path = "CourseShopper-Info.plist"; sourceTree = "<group>"; };
		8C2CD68C17F2CC0500CAA5EF /* en */ = {isa = PBXFileReference; lastKnownFileType = text.plist.strings; name = en; path = en.lproj/InfoPlist.strings; sourceTree = "<group>"; };
		8C2CD68E17F2CC0500CAA5EF /* main.m */ = {isa = PBXFileReference; lastKnownFileType = sourcecode.c.objc; path = main.m; sourceTree = "<group>"; };
		8C2CD69017F2CC0500CAA5EF /* CourseShopper-Prefix.pch */ = {isa = PBXFileReference; lastKnownFileType = sourcecode.c.h; path = "CourseShopper-Prefix.pch"; sourceTree = "<group>"; };
		8C2CD69117F2CC0500CAA5EF /* AppDelegate.h */ = {isa = PBXFileReference; lastKnownFileType = sourcecode.c.h; path = AppDelegate.h; sourceTree = "<group>"; };
		8C2CD69217F2CC0500CAA5EF /* AppDelegate.m */ = {isa = PBXFileReference; lastKnownFileType = sourcecode.c.objc; path = AppDelegate.m; sourceTree = "<group>"; };
		8C2CD69517F2CC0500CAA5EF /* Base */ = {isa = PBXFileReference; lastKnownFileType = file.storyboard; name = Base; path = Base.lproj/Main_iPhone.storyboard; sourceTree = "<group>"; };
		8C2CD69817F2CC0500CAA5EF /* Base */ = {isa = PBXFileReference; lastKnownFileType = file.storyboard; name = Base; path = Base.lproj/Main_iPad.storyboard; sourceTree = "<group>"; };
		8C2CD69D17F2CC0500CAA5EF /* Images.xcassets */ = {isa = PBXFileReference; lastKnownFileType = folder.assetcatalog; path = Images.xcassets; sourceTree = "<group>"; };
		8C2CD6A317F2CC0500CAA5EF /* CourseShopperTests.xctest */ = {isa = PBXFileReference; explicitFileType = wrapper.cfbundle; includeInIndex = 0; path = CourseShopperTests.xctest; sourceTree = BUILT_PRODUCTS_DIR; };
		8C2CD6A417F2CC0500CAA5EF /* XCTest.framework */ = {isa = PBXFileReference; lastKnownFileType = wrapper.framework; name = XCTest.framework; path = Library/Frameworks/XCTest.framework; sourceTree = DEVELOPER_DIR; };
		8C2CD6AC17F2CC0500CAA5EF /* CourseShopperTests-Info.plist */ = {isa = PBXFileReference; lastKnownFileType = text.plist.xml; path = "CourseShopperTests-Info.plist"; sourceTree = "<group>"; };
		8C2CD6AE17F2CC0500CAA5EF /* en */ = {isa = PBXFileReference; lastKnownFileType = text.plist.strings; name = en; path = en.lproj/InfoPlist.strings; sourceTree = "<group>"; };
		8C2CD6B017F2CC0500CAA5EF /* CourseShopperTests.m */ = {isa = PBXFileReference; lastKnownFileType = sourcecode.c.objc; path = CourseShopperTests.m; sourceTree = "<group>"; };
		8CA9173F183D384A0059A923 /* CalendarViewController.h */ = {isa = PBXFileReference; fileEncoding = 4; lastKnownFileType = sourcecode.c.h; name = CalendarViewController.h; path = ../CalendarViewController.h; sourceTree = "<group>"; };
		8CA91740183D384A0059A923 /* CalendarViewController.m */ = {isa = PBXFileReference; fileEncoding = 4; lastKnownFileType = sourcecode.c.objc; name = CalendarViewController.m; path = ../CalendarViewController.m; sourceTree = "<group>"; };
		8CA91743183D39370059A923 /* LoginViewController.h */ = {isa = PBXFileReference; fileEncoding = 4; lastKnownFileType = sourcecode.c.h; name = LoginViewController.h; path = ../LoginViewController.h; sourceTree = "<group>"; };
		8CA91744183D39370059A923 /* LoginViewController.m */ = {isa = PBXFileReference; fileEncoding = 4; lastKnownFileType = sourcecode.c.objc; name = LoginViewController.m; path = ../LoginViewController.m; sourceTree = "<group>"; };
		8CA91747183D3E650059A923 /* DepartmentTableViewController.h */ = {isa = PBXFileReference; fileEncoding = 4; lastKnownFileType = sourcecode.c.h; path = DepartmentTableViewController.h; sourceTree = "<group>"; };
		8CA91748183D3E650059A923 /* DepartmentTableViewController.m */ = {isa = PBXFileReference; fileEncoding = 4; lastKnownFileType = sourcecode.c.objc; path = DepartmentTableViewController.m; sourceTree = "<group>"; };
		8CA9174B183D42C20059A923 /* CourseTableViewController.h */ = {isa = PBXFileReference; fileEncoding = 4; lastKnownFileType = sourcecode.c.h; path = CourseTableViewController.h; sourceTree = "<group>"; };
		8CA9174C183D42C20059A923 /* CourseTableViewController.m */ = {isa = PBXFileReference; fileEncoding = 4; lastKnownFileType = sourcecode.c.objc; path = CourseTableViewController.m; sourceTree = "<group>"; };
		8CA9174F183D42FA0059A923 /* CourseViewController.h */ = {isa = PBXFileReference; fileEncoding = 4; lastKnownFileType = sourcecode.c.h; path = CourseViewController.h; sourceTree = "<group>"; };
		8CA91750183D42FA0059A923 /* CourseViewController.m */ = {isa = PBXFileReference; fileEncoding = 4; lastKnownFileType = sourcecode.c.objc; path = CourseViewController.m; sourceTree = "<group>"; };
/* End PBXFileReference section */

/* Begin PBXFrameworksBuildPhase section */
		8C2CD67C17F2CC0500CAA5EF /* Frameworks */ = {
			isa = PBXFrameworksBuildPhase;
			buildActionMask = 2147483647;
			files = (
				3134D35B184124E5008DFEB6 /* CoreData.framework in Frameworks */,
				8C2CD68517F2CC0500CAA5EF /* CoreGraphics.framework in Frameworks */,
				8C2CD68717F2CC0500CAA5EF /* UIKit.framework in Frameworks */,
				8C2CD68317F2CC0500CAA5EF /* Foundation.framework in Frameworks */,
			);
			runOnlyForDeploymentPostprocessing = 0;
		};
		8C2CD6A017F2CC0500CAA5EF /* Frameworks */ = {
			isa = PBXFrameworksBuildPhase;
			buildActionMask = 2147483647;
			files = (
				8C2CD6A517F2CC0500CAA5EF /* XCTest.framework in Frameworks */,
				8C2CD6A717F2CC0500CAA5EF /* UIKit.framework in Frameworks */,
				8C2CD6A617F2CC0500CAA5EF /* Foundation.framework in Frameworks */,
			);
			runOnlyForDeploymentPostprocessing = 0;
		};
/* End PBXFrameworksBuildPhase section */

/* Begin PBXGroup section */
		8C2CD67617F2CC0500CAA5EF = {
			isa = PBXGroup;
			children = (
				8C2CD68817F2CC0500CAA5EF /* CourseShopper */,
				8C2CD6AA17F2CC0500CAA5EF /* CourseShopperTests */,
				8C2CD68117F2CC0500CAA5EF /* Frameworks */,
				8C2CD68017F2CC0500CAA5EF /* Products */,
			);
			sourceTree = "<group>";
		};
		8C2CD68017F2CC0500CAA5EF /* Products */ = {
			isa = PBXGroup;
			children = (
				8C2CD67F17F2CC0500CAA5EF /* CourseShopper.app */,
				8C2CD6A317F2CC0500CAA5EF /* CourseShopperTests.xctest */,
			);
			name = Products;
			sourceTree = "<group>";
		};
		8C2CD68117F2CC0500CAA5EF /* Frameworks */ = {
			isa = PBXGroup;
			children = (
				3134D35A184124E5008DFEB6 /* CoreData.framework */,
				8C2CD68217F2CC0500CAA5EF /* Foundation.framework */,
				8C2CD68417F2CC0500CAA5EF /* CoreGraphics.framework */,
				8C2CD68617F2CC0500CAA5EF /* UIKit.framework */,
				8C2CD6A417F2CC0500CAA5EF /* XCTest.framework */,
			);
			name = Frameworks;
			sourceTree = "<group>";
		};
		8C2CD68817F2CC0500CAA5EF /* CourseShopper */ = {
			isa = PBXGroup;
			children = (
				8C2CD69117F2CC0500CAA5EF /* AppDelegate.h */,
				8C2CD69217F2CC0500CAA5EF /* AppDelegate.m */,
				8C2CD69417F2CC0500CAA5EF /* Main_iPhone.storyboard */,
				8C2CD69717F2CC0500CAA5EF /* Main_iPad.storyboard */,
				8CA91746183D39470059A923 /* Login */,
				8CA91742183D38560059A923 /* Calendar */,
				8CA9174A183D3E6F0059A923 /* Department Table */,
				8CA9174E183D42C70059A923 /* Course Table */,
				8CA91753183D43110059A923 /* Course */,
				8C2CD69D17F2CC0500CAA5EF /* Images.xcassets */,
				8C2CD68917F2CC0500CAA5EF /* Supporting Files */,
				3134D35C1841252E008DFEB6 /* CourseShopper.xcdatamodeld */,
				31B44A3318440BE2000DCAEC /* Course.h */,
				31B44A3418440BE2000DCAEC /* Course.m */,
				31B44A3018440BE1000DCAEC /* Department.h */,
				31B44A3118440BE1000DCAEC /* Department.m */,
			);
			path = CourseShopper;
			sourceTree = "<group>";
		};
		8C2CD68917F2CC0500CAA5EF /* Supporting Files */ = {
			isa = PBXGroup;
			children = (
				31841E4D184FA6F1004127EF /* abbrevs.txt */,
				31841E4E184FA6F1004127EF /* titles.txt */,
				31B1CB79184AF654007C0A12 /* deptLong.txt */,
				31B1CB71184A400C007C0A12 /* deps.plist */,
				31B1CB6F18452C1A007C0A12 /* class_list.json */,
				31B1CB75184A41FB007C0A12 /* deps.txt */,
				8C2CD68A17F2CC0500CAA5EF /* CourseShopper-Info.plist */,
				8C2CD68B17F2CC0500CAA5EF /* InfoPlist.strings */,
				8C2CD68E17F2CC0500CAA5EF /* main.m */,
				8C2CD69017F2CC0500CAA5EF /* CourseShopper-Prefix.pch */,
				31B1CB77184AABE9007C0A12 /* dps.plist */,
			);
			name = "Supporting Files";
			sourceTree = "<group>";
		};
		8C2CD6AA17F2CC0500CAA5EF /* CourseShopperTests */ = {
			isa = PBXGroup;
			children = (
				8C2CD6B017F2CC0500CAA5EF /* CourseShopperTests.m */,
				8C2CD6AB17F2CC0500CAA5EF /* Supporting Files */,
			);
			path = CourseShopperTests;
			sourceTree = "<group>";
		};
		8C2CD6AB17F2CC0500CAA5EF /* Supporting Files */ = {
			isa = PBXGroup;
			children = (
				8C2CD6AC17F2CC0500CAA5EF /* CourseShopperTests-Info.plist */,
				8C2CD6AD17F2CC0500CAA5EF /* InfoPlist.strings */,
			);
			name = "Supporting Files";
			sourceTree = "<group>";
		};
		8CA91742183D38560059A923 /* Calendar */ = {
			isa = PBXGroup;
			children = (
				8CA9173F183D384A0059A923 /* CalendarViewController.h */,
				8CA91740183D384A0059A923 /* CalendarViewController.m */,
			);
			name = Calendar;
			sourceTree = "<group>";
		};
		8CA91746183D39470059A923 /* Login */ = {
			isa = PBXGroup;
			children = (
				8CA91743183D39370059A923 /* LoginViewController.h */,
				8CA91744183D39370059A923 /* LoginViewController.m */,
			);
			name = Login;
			sourceTree = "<group>";
		};
		8CA9174A183D3E6F0059A923 /* Department Table */ = {
			isa = PBXGroup;
			children = (
				8CA91747183D3E650059A923 /* DepartmentTableViewController.h */,
				8CA91748183D3E650059A923 /* DepartmentTableViewController.m */,
			);
			name = "Department Table";
			sourceTree = "<group>";
		};
		8CA9174E183D42C70059A923 /* Course Table */ = {
			isa = PBXGroup;
			children = (
				8CA9174B183D42C20059A923 /* CourseTableViewController.h */,
				8CA9174C183D42C20059A923 /* CourseTableViewController.m */,
			);
			name = "Course Table";
			sourceTree = "<group>";
		};
		8CA91753183D43110059A923 /* Course */ = {
			isa = PBXGroup;
			children = (
				8CA9174F183D42FA0059A923 /* CourseViewController.h */,
				8CA91750183D42FA0059A923 /* CourseViewController.m */,
			);
			name = Course;
			sourceTree = "<group>";
		};
/* End PBXGroup section */

/* Begin PBXNativeTarget section */
		8C2CD67E17F2CC0500CAA5EF /* CourseShopper */ = {
			isa = PBXNativeTarget;
			buildConfigurationList = 8C2CD6B417F2CC0500CAA5EF /* Build configuration list for PBXNativeTarget "CourseShopper" */;
			buildPhases = (
				8C2CD67B17F2CC0500CAA5EF /* Sources */,
				8C2CD67C17F2CC0500CAA5EF /* Frameworks */,
				8C2CD67D17F2CC0500CAA5EF /* Resources */,
			);
			buildRules = (
			);
			dependencies = (
			);
			name = CourseShopper;
			productName = CourseShopper;
			productReference = 8C2CD67F17F2CC0500CAA5EF /* CourseShopper.app */;
			productType = "com.apple.product-type.application";
		};
		8C2CD6A217F2CC0500CAA5EF /* CourseShopperTests */ = {
			isa = PBXNativeTarget;
			buildConfigurationList = 8C2CD6B717F2CC0500CAA5EF /* Build configuration list for PBXNativeTarget "CourseShopperTests" */;
			buildPhases = (
				8C2CD69F17F2CC0500CAA5EF /* Sources */,
				8C2CD6A017F2CC0500CAA5EF /* Frameworks */,
				8C2CD6A117F2CC0500CAA5EF /* Resources */,
			);
			buildRules = (
			);
			dependencies = (
				8C2CD6A917F2CC0500CAA5EF /* PBXTargetDependency */,
			);
			name = CourseShopperTests;
			productName = CourseShopperTests;
			productReference = 8C2CD6A317F2CC0500CAA5EF /* CourseShopperTests.xctest */;
			productType = "com.apple.product-type.bundle.unit-test";
		};
/* End PBXNativeTarget section */

/* Begin PBXProject section */
		8C2CD67717F2CC0500CAA5EF /* Project object */ = {
			isa = PBXProject;
			attributes = {
				LastUpgradeCheck = 0500;
				ORGANIZATIONNAME = "Noah Fradin";
				TargetAttributes = {
					8C2CD6A217F2CC0500CAA5EF = {
						TestTargetID = 8C2CD67E17F2CC0500CAA5EF;
					};
				};
			};
			buildConfigurationList = 8C2CD67A17F2CC0500CAA5EF /* Build configuration list for PBXProject "CourseShopper" */;
			compatibilityVersion = "Xcode 3.2";
			developmentRegion = English;
			hasScannedForEncodings = 0;
			knownRegions = (
				en,
				Base,
			);
			mainGroup = 8C2CD67617F2CC0500CAA5EF;
			productRefGroup = 8C2CD68017F2CC0500CAA5EF /* Products */;
			projectDirPath = "";
			projectRoot = "";
			targets = (
				8C2CD67E17F2CC0500CAA5EF /* CourseShopper */,
				8C2CD6A217F2CC0500CAA5EF /* CourseShopperTests */,
			);
		};
/* End PBXProject section */

/* Begin PBXResourcesBuildPhase section */
		8C2CD67D17F2CC0500CAA5EF /* Resources */ = {
			isa = PBXResourcesBuildPhase;
			buildActionMask = 2147483647;
			files = (
				8C2CD69917F2CC0500CAA5EF /* Main_iPad.storyboard in Resources */,
				8C2CD69E17F2CC0500CAA5EF /* Images.xcassets in Resources */,
				31B1CB78184AABE9007C0A12 /* dps.plist in Resources */,
				8C2CD69617F2CC0500CAA5EF /* Main_iPhone.storyboard in Resources */,
				8C2CD68D17F2CC0500CAA5EF /* InfoPlist.strings in Resources */,
				31841E50184FA6F1004127EF /* titles.txt in Resources */,
				31B1CB7A184AF654007C0A12 /* deptLong.txt in Resources */,
				31841E4F184FA6F1004127EF /* abbrevs.txt in Resources */,
				31B1CB72184A400C007C0A12 /* deps.plist in Resources */,
				31B1CB76184A41FB007C0A12 /* deps.txt in Resources */,
				31B1CB7018452C1A007C0A12 /* class_list.json in Resources */,
			);
			runOnlyForDeploymentPostprocessing = 0;
		};
		8C2CD6A117F2CC0500CAA5EF /* Resources */ = {
			isa = PBXResourcesBuildPhase;
			buildActionMask = 2147483647;
			files = (
				8C2CD6AF17F2CC0500CAA5EF /* InfoPlist.strings in Resources */,
			);
			runOnlyForDeploymentPostprocessing = 0;
		};
/* End PBXResourcesBuildPhase section */

/* Begin PBXSourcesBuildPhase section */
		8C2CD67B17F2CC0500CAA5EF /* Sources */ = {
			isa = PBXSourcesBuildPhase;
			buildActionMask = 2147483647;
			files = (
				8CA9174D183D42C20059A923 /* CourseTableViewController.m in Sources */,
				8CA91745183D39370059A923 /* LoginViewController.m in Sources */,
				8CA91749183D3E650059A923 /* DepartmentTableViewController.m in Sources */,
				8CA91741183D384A0059A923 /* CalendarViewController.m in Sources */,
				31B44A3518440BE2000DCAEC /* Course.m in Sources */,
				3134D35E1841252E008DFEB6 /* CourseShopper.xcdatamodeld in Sources */,
				8CA91751183D42FA0059A923 /* CourseViewController.m in Sources */,
				8C2CD69317F2CC0500CAA5EF /* AppDelegate.m in Sources */,
				8C2CD68F17F2CC0500CAA5EF /* main.m in Sources */,
				31B44A3218440BE1000DCAEC /* Department.m in Sources */,
			);
			runOnlyForDeploymentPostprocessing = 0;
		};
		8C2CD69F17F2CC0500CAA5EF /* Sources */ = {
			isa = PBXSourcesBuildPhase;
			buildActionMask = 2147483647;
			files = (
				8C2CD6B117F2CC0500CAA5EF /* CourseShopperTests.m in Sources */,
			);
			runOnlyForDeploymentPostprocessing = 0;
		};
/* End PBXSourcesBuildPhase section */

/* Begin PBXTargetDependency section */
		8C2CD6A917F2CC0500CAA5EF /* PBXTargetDependency */ = {
			isa = PBXTargetDependency;
			target = 8C2CD67E17F2CC0500CAA5EF /* CourseShopper */;
			targetProxy = 8C2CD6A817F2CC0500CAA5EF /* PBXContainerItemProxy */;
		};
/* End PBXTargetDependency section */

/* Begin PBXVariantGroup section */
		8C2CD68B17F2CC0500CAA5EF /* InfoPlist.strings */ = {
			isa = PBXVariantGroup;
			children = (
				8C2CD68C17F2CC0500CAA5EF /* en */,
			);
			name = InfoPlist.strings;
			sourceTree = "<group>";
		};
		8C2CD69417F2CC0500CAA5EF /* Main_iPhone.storyboard */ = {
			isa = PBXVariantGroup;
			children = (
				8C2CD69517F2CC0500CAA5EF /* Base */,
			);
			name = Main_iPhone.storyboard;
			sourceTree = "<group>";
		};
		8C2CD69717F2CC0500CAA5EF /* Main_iPad.storyboard */ = {
			isa = PBXVariantGroup;
			children = (
				8C2CD69817F2CC0500CAA5EF /* Base */,
			);
			name = Main_iPad.storyboard;
			sourceTree = "<group>";
		};
		8C2CD6AD17F2CC0500CAA5EF /* InfoPlist.strings */ = {
			isa = PBXVariantGroup;
			children = (
				8C2CD6AE17F2CC0500CAA5EF /* en */,
			);
			name = InfoPlist.strings;
			sourceTree = "<group>";
		};
/* End PBXVariantGroup section */

/* Begin XCBuildConfiguration section */
		8C2CD6B217F2CC0500CAA5EF /* Debug */ = {
			isa = XCBuildConfiguration;
			buildSettings = {
				ALWAYS_SEARCH_USER_PATHS = NO;
				ARCHS = "$(ARCHS_STANDARD_INCLUDING_64_BIT)";
				CLANG_CXX_LANGUAGE_STANDARD = "gnu++0x";
				CLANG_CXX_LIBRARY = "libc++";
				CLANG_ENABLE_MODULES = YES;
				CLANG_ENABLE_OBJC_ARC = YES;
				CLANG_WARN_BOOL_CONVERSION = YES;
				CLANG_WARN_CONSTANT_CONVERSION = YES;
				CLANG_WARN_DIRECT_OBJC_ISA_USAGE = YES_ERROR;
				CLANG_WARN_EMPTY_BODY = YES;
				CLANG_WARN_ENUM_CONVERSION = YES;
				CLANG_WARN_INT_CONVERSION = YES;
				CLANG_WARN_OBJC_ROOT_CLASS = YES_ERROR;
				CLANG_WARN__DUPLICATE_METHOD_MATCH = YES;
				"CODE_SIGN_IDENTITY[sdk=iphoneos*]" = "iPhone Developer";
				COPY_PHASE_STRIP = NO;
				GCC_C_LANGUAGE_STANDARD = gnu99;
				GCC_DYNAMIC_NO_PIC = NO;
				GCC_OPTIMIZATION_LEVEL = 0;
				GCC_PREPROCESSOR_DEFINITIONS = (
					"DEBUG=1",
					"$(inherited)",
				);
				GCC_SYMBOLS_PRIVATE_EXTERN = NO;
				GCC_WARN_64_TO_32_BIT_CONVERSION = YES;
				GCC_WARN_ABOUT_RETURN_TYPE = YES_ERROR;
				GCC_WARN_UNDECLARED_SELECTOR = YES;
				GCC_WARN_UNINITIALIZED_AUTOS = YES;
				GCC_WARN_UNUSED_FUNCTION = YES;
				GCC_WARN_UNUSED_VARIABLE = YES;
				IPHONEOS_DEPLOYMENT_TARGET = 7.0;
				ONLY_ACTIVE_ARCH = YES;
				SDKROOT = iphoneos;
				TARGETED_DEVICE_FAMILY = "1,2";
			};
			name = Debug;
		};
		8C2CD6B317F2CC0500CAA5EF /* Release */ = {
			isa = XCBuildConfiguration;
			buildSettings = {
				ALWAYS_SEARCH_USER_PATHS = NO;
				ARCHS = "$(ARCHS_STANDARD_INCLUDING_64_BIT)";
				CLANG_CXX_LANGUAGE_STANDARD = "gnu++0x";
				CLANG_CXX_LIBRARY = "libc++";
				CLANG_ENABLE_MODULES = YES;
				CLANG_ENABLE_OBJC_ARC = YES;
				CLANG_WARN_BOOL_CONVERSION = YES;
				CLANG_WARN_CONSTANT_CONVERSION = YES;
				CLANG_WARN_DIRECT_OBJC_ISA_USAGE = YES_ERROR;
				CLANG_WARN_EMPTY_BODY = YES;
				CLANG_WARN_ENUM_CONVERSION = YES;
				CLANG_WARN_INT_CONVERSION = YES;
				CLANG_WARN_OBJC_ROOT_CLASS = YES_ERROR;
				CLANG_WARN__DUPLICATE_METHOD_MATCH = YES;
				"CODE_SIGN_IDENTITY[sdk=iphoneos*]" = "iPhone Developer";
				COPY_PHASE_STRIP = YES;
				ENABLE_NS_ASSERTIONS = NO;
				GCC_C_LANGUAGE_STANDARD = gnu99;
				GCC_WARN_64_TO_32_BIT_CONVERSION = YES;
				GCC_WARN_ABOUT_RETURN_TYPE = YES_ERROR;
				GCC_WARN_UNDECLARED_SELECTOR = YES;
				GCC_WARN_UNINITIALIZED_AUTOS = YES;
				GCC_WARN_UNUSED_FUNCTION = YES;
				GCC_WARN_UNUSED_VARIABLE = YES;
				IPHONEOS_DEPLOYMENT_TARGET = 7.0;
				SDKROOT = iphoneos;
				TARGETED_DEVICE_FAMILY = "1,2";
				VALIDATE_PRODUCT = YES;
			};
			name = Release;
		};
		8C2CD6B517F2CC0500CAA5EF /* Debug */ = {
			isa = XCBuildConfiguration;
			buildSettings = {
				ASSETCATALOG_COMPILER_APPICON_NAME = AppIcon;
				ASSETCATALOG_COMPILER_LAUNCHIMAGE_NAME = LaunchImage;
				GCC_PRECOMPILE_PREFIX_HEADER = YES;
				GCC_PREFIX_HEADER = "CourseShopper/CourseShopper-Prefix.pch";
				INFOPLIST_FILE = "CourseShopper/CourseShopper-Info.plist";
				PRODUCT_NAME = "$(TARGET_NAME)";
				WRAPPER_EXTENSION = app;
			};
			name = Debug;
		};
		8C2CD6B617F2CC0500CAA5EF /* Release */ = {
			isa = XCBuildConfiguration;
			buildSettings = {
				ASSETCATALOG_COMPILER_APPICON_NAME = AppIcon;
				ASSETCATALOG_COMPILER_LAUNCHIMAGE_NAME = LaunchImage;
				GCC_PRECOMPILE_PREFIX_HEADER = YES;
				GCC_PREFIX_HEADER = "CourseShopper/CourseShopper-Prefix.pch";
				INFOPLIST_FILE = "CourseShopper/CourseShopper-Info.plist";
				PRODUCT_NAME = "$(TARGET_NAME)";
				WRAPPER_EXTENSION = app;
			};
			name = Release;
		};
		8C2CD6B817F2CC0500CAA5EF /* Debug */ = {
			isa = XCBuildConfiguration;
			buildSettings = {
				ARCHS = "$(ARCHS_STANDARD_INCLUDING_64_BIT)";
				BUNDLE_LOADER = "$(BUILT_PRODUCTS_DIR)/CourseShopper.app/CourseShopper";
				FRAMEWORK_SEARCH_PATHS = (
					"$(SDKROOT)/Developer/Library/Frameworks",
					"$(inherited)",
					"$(DEVELOPER_FRAMEWORKS_DIR)",
				);
				GCC_PRECOMPILE_PREFIX_HEADER = YES;
				GCC_PREFIX_HEADER = "CourseShopper/CourseShopper-Prefix.pch";
				GCC_PREPROCESSOR_DEFINITIONS = (
					"DEBUG=1",
					"$(inherited)",
				);
				INFOPLIST_FILE = "CourseShopperTests/CourseShopperTests-Info.plist";
				PRODUCT_NAME = "$(TARGET_NAME)";
				TEST_HOST = "$(BUNDLE_LOADER)";
				WRAPPER_EXTENSION = xctest;
			};
			name = Debug;
		};
		8C2CD6B917F2CC0500CAA5EF /* Release */ = {
			isa = XCBuildConfiguration;
			buildSettings = {
				ARCHS = "$(ARCHS_STANDARD_INCLUDING_64_BIT)";
				BUNDLE_LOADER = "$(BUILT_PRODUCTS_DIR)/CourseShopper.app/CourseShopper";
				FRAMEWORK_SEARCH_PATHS = (
					"$(SDKROOT)/Developer/Library/Frameworks",
					"$(inherited)",
					"$(DEVELOPER_FRAMEWORKS_DIR)",
				);
				GCC_PRECOMPILE_PREFIX_HEADER = YES;
				GCC_PREFIX_HEADER = "CourseShopper/CourseShopper-Prefix.pch";
				INFOPLIST_FILE = "CourseShopperTests/CourseShopperTests-Info.plist";
				PRODUCT_NAME = "$(TARGET_NAME)";
				TEST_HOST = "$(BUNDLE_LOADER)";
				WRAPPER_EXTENSION = xctest;
			};
			name = Release;
		};
/* End XCBuildConfiguration section */

/* Begin XCConfigurationList section */
		8C2CD67A17F2CC0500CAA5EF /* Build configuration list for PBXProject "CourseShopper" */ = {
			isa = XCConfigurationList;
			buildConfigurations = (
				8C2CD6B217F2CC0500CAA5EF /* Debug */,
				8C2CD6B317F2CC0500CAA5EF /* Release */,
			);
			defaultConfigurationIsVisible = 0;
			defaultConfigurationName = Release;
		};
		8C2CD6B417F2CC0500CAA5EF /* Build configuration list for PBXNativeTarget "CourseShopper" */ = {
			isa = XCConfigurationList;
			buildConfigurations = (
				8C2CD6B517F2CC0500CAA5EF /* Debug */,
				8C2CD6B617F2CC0500CAA5EF /* Release */,
			);
			defaultConfigurationIsVisible = 0;
			defaultConfigurationName = Release;
		};
		8C2CD6B717F2CC0500CAA5EF /* Build configuration list for PBXNativeTarget "CourseShopperTests" */ = {
			isa = XCConfigurationList;
			buildConfigurations = (
				8C2CD6B817F2CC0500CAA5EF /* Debug */,
				8C2CD6B917F2CC0500CAA5EF /* Release */,
			);
			defaultConfigurationIsVisible = 0;
			defaultConfigurationName = Release;
		};
/* End XCConfigurationList section */

/* Begin XCVersionGroup section */
		3134D35C1841252E008DFEB6 /* CourseShopper.xcdatamodeld */ = {
			isa = XCVersionGroup;
			children = (
				3134D35D1841252E008DFEB6 /* CourseShopper.xcdatamodel */,
			);
			currentVersion = 3134D35D1841252E008DFEB6 /* CourseShopper.xcdatamodel */;
			path = CourseShopper.xcdatamodeld;
			sourceTree = "<group>";
			versionGroupType = wrapper.xcdatamodel;
		};
/* End XCVersionGroup section */
	};
	rootObject = 8C2CD67717F2CC0500CAA5EF /* Project object */;
}
