// !$*UTF8*$!
{
	archiveVersion = 1;
	classes = {
	};
	objectVersion = 46;
	objects = {

/* Begin PBXBuildFile section */
		173EBBE7184EB640006D0C17 /* dps.plist in Resources */ = {isa = PBXBuildFile; fileRef = 173EBBE6184EB640006D0C17 /* dps.plist */; };
		173EBBE8184EB640006D0C17 /* dps.plist in Resources */ = {isa = PBXBuildFile; fileRef = 173EBBE6184EB640006D0C17 /* dps.plist */; };
		176D8C3E1852503700BCEF28 /* abbrevs.txt in Resources */ = {isa = PBXBuildFile; fileRef = 176D8C3B1852503700BCEF28 /* abbrevs.txt */; };
		176D8C3F1852503700BCEF28 /* abbrevs.txt in Resources */ = {isa = PBXBuildFile; fileRef = 176D8C3B1852503700BCEF28 /* abbrevs.txt */; };
		176D8C401852503700BCEF28 /* class_list.json in Resources */ = {isa = PBXBuildFile; fileRef = 176D8C3C1852503700BCEF28 /* class_list.json */; };
		176D8C411852503700BCEF28 /* class_list.json in Resources */ = {isa = PBXBuildFile; fileRef = 176D8C3C1852503700BCEF28 /* class_list.json */; };
		176D8C421852503700BCEF28 /* titles.txt in Resources */ = {isa = PBXBuildFile; fileRef = 176D8C3D1852503700BCEF28 /* titles.txt */; };
		176D8C431852503700BCEF28 /* titles.txt in Resources */ = {isa = PBXBuildFile; fileRef = 176D8C3D1852503700BCEF28 /* titles.txt */; };
		176D8C481852504900BCEF28 /* deps.txt in Resources */ = {isa = PBXBuildFile; fileRef = 176D8C441852504900BCEF28 /* deps.txt */; };
		176D8C491852504900BCEF28 /* deps.txt in Resources */ = {isa = PBXBuildFile; fileRef = 176D8C441852504900BCEF28 /* deps.txt */; };
		176D8C4A1852504900BCEF28 /* deps.plist in Resources */ = {isa = PBXBuildFile; fileRef = 176D8C451852504900BCEF28 /* deps.plist */; };
		176D8C4B1852504900BCEF28 /* deps.plist in Resources */ = {isa = PBXBuildFile; fileRef = 176D8C451852504900BCEF28 /* deps.plist */; };
		176D8C4C1852504900BCEF28 /* deptLong.txt in Resources */ = {isa = PBXBuildFile; fileRef = 176D8C461852504900BCEF28 /* deptLong.txt */; };
		176D8C4D1852504900BCEF28 /* deptLong.txt in Resources */ = {isa = PBXBuildFile; fileRef = 176D8C461852504900BCEF28 /* deptLong.txt */; };
		176D8C4E1852504900BCEF28 /* deptList.txt in Resources */ = {isa = PBXBuildFile; fileRef = 176D8C471852504900BCEF28 /* deptList.txt */; };
		176D8C4F1852504900BCEF28 /* deptList.txt in Resources */ = {isa = PBXBuildFile; fileRef = 176D8C471852504900BCEF28 /* deptList.txt */; };
		17FFC48818559F7000A2699F /* desc.txt in Resources */ = {isa = PBXBuildFile; fileRef = 17FFC48718559F7000A2699F /* desc.txt */; };
		3134D35B184124E5008DFEB6 /* CoreData.framework in Frameworks */ = {isa = PBXBuildFile; fileRef = 3134D35A184124E5008DFEB6 /* CoreData.framework */; };
		3134D35E1841252E008DFEB6 /* CourseShopper.xcdatamodeld in Sources */ = {isa = PBXBuildFile; fileRef = 3134D35C1841252E008DFEB6 /* CourseShopper.xcdatamodeld */; };
		31B44A3218440BE1000DCAEC /* Department.m in Sources */ = {isa = PBXBuildFile; fileRef = 31B44A3118440BE1000DCAEC /* Department.m */; };
		31B44A3518440BE2000DCAEC /* Course.m in Sources */ = {isa = PBXBuildFile; fileRef = 31B44A3418440BE2000DCAEC /* Course.m */; };
		703A55C018559989005C9047 /* RegisterHalf2@1x.png in Resources */ = {isa = PBXBuildFile; fileRef = 703A55BC18559989005C9047 /* RegisterHalf2@1x.png */; };
		703A55C118559989005C9047 /* RegisterHalf2@2x.png in Resources */ = {isa = PBXBuildFile; fileRef = 703A55BD18559989005C9047 /* RegisterHalf2@2x.png */; };
		703A55C218559989005C9047 /* Remove2@1x.png in Resources */ = {isa = PBXBuildFile; fileRef = 703A55BE18559989005C9047 /* Remove2@1x.png */; };
		703A55C318559989005C9047 /* Remove2@2x.png in Resources */ = {isa = PBXBuildFile; fileRef = 703A55BF18559989005C9047 /* Remove2@2x.png */; };
		703A55CD18559CB9005C9047 /* locs.txt in Resources */ = {isa = PBXBuildFile; fileRef = 703A55CA18559CB9005C9047 /* locs.txt */; };
		703A55CE18559CB9005C9047 /* profs.txt in Resources */ = {isa = PBXBuildFile; fileRef = 703A55CB18559CB9005C9047 /* profs.txt */; };
		703D627118514F9E004F263A /* CoursePreviewAlertViewController.m in Sources */ = {isa = PBXBuildFile; fileRef = 703D627018514F9E004F263A /* CoursePreviewAlertViewController.m */; };
		703D627418514FAB004F263A /* CriticalReviewAlertViewController.m in Sources */ = {isa = PBXBuildFile; fileRef = 703D627318514FAB004F263A /* CriticalReviewAlertViewController.m */; };
		70572E3C1843CB7A00118ECD /* CourseAlertViewController.m in Sources */ = {isa = PBXBuildFile; fileRef = 70572E3B1843CB7A00118ECD /* CourseAlertViewController.m */; };
		705E61BD184EB4C500BAA7D2 /* WebViewController.m in Sources */ = {isa = PBXBuildFile; fileRef = 705E61BC184EB4C500BAA7D2 /* WebViewController.m */; };
		70C2AFCA185590420086D9CE /* UnregisterAlertViewController.m in Sources */ = {isa = PBXBuildFile; fileRef = 70C2AFC9185590420086D9CE /* UnregisterAlertViewController.m */; };
		70C2AFCD1855904C0086D9CE /* RegisterAlertViewController.m in Sources */ = {isa = PBXBuildFile; fileRef = 70C2AFCC1855904C0086D9CE /* RegisterAlertViewController.m */; };
		70D99907185539D9009346BE /* AddToCart@1x.png in Resources */ = {isa = PBXBuildFile; fileRef = 70D998F9185539D9009346BE /* AddToCart@1x.png */; };
		70D99908185539D9009346BE /* AddToCart@2x.png in Resources */ = {isa = PBXBuildFile; fileRef = 70D998FA185539D9009346BE /* AddToCart@2x.png */; };
		70D99909185539D9009346BE /* DoNotNotify@1x.png in Resources */ = {isa = PBXBuildFile; fileRef = 70D998FB185539D9009346BE /* DoNotNotify@1x.png */; };
		70D9990A185539D9009346BE /* DoNotNotify@2x.png in Resources */ = {isa = PBXBuildFile; fileRef = 70D998FC185539D9009346BE /* DoNotNotify@2x.png */; };
		70D9990B185539D9009346BE /* NotifyMe@1x.png in Resources */ = {isa = PBXBuildFile; fileRef = 70D998FD185539D9009346BE /* NotifyMe@1x.png */; };
		70D9990C185539D9009346BE /* NotifyMe@2x.png in Resources */ = {isa = PBXBuildFile; fileRef = 70D998FE185539D9009346BE /* NotifyMe@2x.png */; };
		70D99913185539D9009346BE /* Unregister@1x.png in Resources */ = {isa = PBXBuildFile; fileRef = 70D99905185539D9009346BE /* Unregister@1x.png */; };
		70D99914185539D9009346BE /* Unregister@2x.png in Resources */ = {isa = PBXBuildFile; fileRef = 70D99906185539D9009346BE /* Unregister@2x.png */; };
		8C2A095C18555C27000C517B /* CalendarMenuViewController.m in Sources */ = {isa = PBXBuildFile; fileRef = 8C2A095B18555C27000C517B /* CalendarMenuViewController.m */; };
		8C2A095F18555CB4000C517B /* TWTSideMenuViewController.m in Sources */ = {isa = PBXBuildFile; fileRef = 8C2A095E18555CB4000C517B /* TWTSideMenuViewController.m */; };
		8C2CD68317F2CC0500CAA5EF /* Foundation.framework in Frameworks */ = {isa = PBXBuildFile; fileRef = 8C2CD68217F2CC0500CAA5EF /* Foundation.framework */; };
		8C2CD68517F2CC0500CAA5EF /* CoreGraphics.framework in Frameworks */ = {isa = PBXBuildFile; fileRef = 8C2CD68417F2CC0500CAA5EF /* CoreGraphics.framework */; };
		8C2CD68717F2CC0500CAA5EF /* UIKit.framework in Frameworks */ = {isa = PBXBuildFile; fileRef = 8C2CD68617F2CC0500CAA5EF /* UIKit.framework */; };
		8C2CD68D17F2CC0500CAA5EF /* InfoPlist.strings in Resources */ = {isa = PBXBuildFile; fileRef = 8C2CD68B17F2CC0500CAA5EF /* InfoPlist.strings */; };
		8C2CD68F17F2CC0500CAA5EF /* main.m in Sources */ = {isa = PBXBuildFile; fileRef = 8C2CD68E17F2CC0500CAA5EF /* main.m */; };
		8C2CD69317F2CC0500CAA5EF /* AppDelegate.m in Sources */ = {isa = PBXBuildFile; fileRef = 8C2CD69217F2CC0500CAA5EF /* AppDelegate.m */; };
		8C2CD69617F2CC0500CAA5EF /* Main_iPhone.storyboard in Resources */ = {isa = PBXBuildFile; fileRef = 8C2CD69417F2CC0500CAA5EF /* Main_iPhone.storyboard */; };
		8C2CD69917F2CC0500CAA5EF /* Main_iPad.storyboard in Resources */ = {isa = PBXBuildFile; fileRef = 8C2CD69717F2CC0500CAA5EF /* Main_iPad.storyboard */; };
		8C2CD69E17F2CC0500CAA5EF /* Images.xcassets in Resources */ = {isa = PBXBuildFile; fileRef = 8C2CD69D17F2CC0500CAA5EF /* Images.xcassets */; };
		8C2CD6A517F2CC0500CAA5EF /* XCTest.framework in Frameworks */ = {isa = PBXBuildFile; fileRef = 8C2CD6A417F2CC0500CAA5EF /* XCTest.framework */; };
		8C2CD6A617F2CC0500CAA5EF /* Foundation.framework in Frameworks */ = {isa = PBXBuildFile; fileRef = 8C2CD68217F2CC0500CAA5EF /* Foundation.framework */; };
		8C2CD6A717F2CC0500CAA5EF /* UIKit.framework in Frameworks */ = {isa = PBXBuildFile; fileRef = 8C2CD68617F2CC0500CAA5EF /* UIKit.framework */; };
		8C2CD6AF17F2CC0500CAA5EF /* InfoPlist.strings in Resources */ = {isa = PBXBuildFile; fileRef = 8C2CD6AD17F2CC0500CAA5EF /* InfoPlist.strings */; };
		8C2CD6B117F2CC0500CAA5EF /* CourseShopperTests.m in Sources */ = {isa = PBXBuildFile; fileRef = 8C2CD6B017F2CC0500CAA5EF /* CourseShopperTests.m */; };
		8CA91741183D384A0059A923 /* CalendarViewController.m in Sources */ = {isa = PBXBuildFile; fileRef = 8CA91740183D384A0059A923 /* CalendarViewController.m */; };
		8CA91745183D39370059A923 /* LoginViewController.m in Sources */ = {isa = PBXBuildFile; fileRef = 8CA91744183D39370059A923 /* LoginViewController.m */; };
		8CA91749183D3E650059A923 /* DepartmentTableViewController.m in Sources */ = {isa = PBXBuildFile; fileRef = 8CA91748183D3E650059A923 /* DepartmentTableViewController.m */; };
		8CA9174D183D42C20059A923 /* CourseTableViewController.m in Sources */ = {isa = PBXBuildFile; fileRef = 8CA9174C183D42C20059A923 /* CourseTableViewController.m */; };
		8CA91751183D42FA0059A923 /* CourseViewController.m in Sources */ = {isa = PBXBuildFile; fileRef = 8CA91750183D42FA0059A923 /* CourseViewController.m */; };
/* End PBXBuildFile section */

/* Begin PBXContainerItemProxy section */
		8C2CD6A817F2CC0500CAA5EF /* PBXContainerItemProxy */ = {
			isa = PBXContainerItemProxy;
			containerPortal = 8C2CD67717F2CC0500CAA5EF /* Project object */;
			proxyType = 1;
			remoteGlobalIDString = 8C2CD67E17F2CC0500CAA5EF;
			remoteInfo = CourseShopper;
		};
/* End PBXContainerItemProxy section */

/* Begin PBXFileReference section */
		173EBBE6184EB640006D0C17 /* dps.plist */ = {isa = PBXFileReference; fileEncoding = 4; lastKnownFileType = text.plist.xml; path = dps.plist; sourceTree = "<group>"; };
		176D8C3B1852503700BCEF28 /* abbrevs.txt */ = {isa = PBXFileReference; fileEncoding = 4; lastKnownFileType = text; path = abbrevs.txt; sourceTree = "<group>"; };
		176D8C3C1852503700BCEF28 /* class_list.json */ = {isa = PBXFileReference; fileEncoding = 4; lastKnownFileType = text.json; path = class_list.json; sourceTree = "<group>"; };
		176D8C3D1852503700BCEF28 /* titles.txt */ = {isa = PBXFileReference; fileEncoding = 4; lastKnownFileType = text; path = titles.txt; sourceTree = "<group>"; };
		176D8C441852504900BCEF28 /* deps.txt */ = {isa = PBXFileReference; fileEncoding = 4; lastKnownFileType = text; path = deps.txt; sourceTree = "<group>"; };
		176D8C451852504900BCEF28 /* deps.plist */ = {isa = PBXFileReference; lastKnownFileType = text.plist; path = deps.plist; sourceTree = "<group>"; };
		176D8C461852504900BCEF28 /* deptLong.txt */ = {isa = PBXFileReference; fileEncoding = 4; lastKnownFileType = text; path = deptLong.txt; sourceTree = "<group>"; };
		176D8C471852504900BCEF28 /* deptList.txt */ = {isa = PBXFileReference; fileEncoding = 4; lastKnownFileType = text; path = deptList.txt; sourceTree = "<group>"; };
		17FFC48718559F7000A2699F /* desc.txt */ = {isa = PBXFileReference; fileEncoding = 4; lastKnownFileType = text; path = desc.txt; sourceTree = "<group>"; };
		3134D35A184124E5008DFEB6 /* CoreData.framework */ = {isa = PBXFileReference; lastKnownFileType = wrapper.framework; name = CoreData.framework; path = System/Library/Frameworks/CoreData.framework; sourceTree = SDKROOT; };
		3134D35D1841252E008DFEB6 /* CourseShopper.xcdatamodel */ = {isa = PBXFileReference; lastKnownFileType = wrapper.xcdatamodel; path = CourseShopper.xcdatamodel; sourceTree = "<group>"; };
		31B44A3018440BE1000DCAEC /* Department.h */ = {isa = PBXFileReference; fileEncoding = 4; lastKnownFileType = sourcecode.c.h; path = Department.h; sourceTree = "<group>"; };
		31B44A3118440BE1000DCAEC /* Department.m */ = {isa = PBXFileReference; fileEncoding = 4; lastKnownFileType = sourcecode.c.objc; path = Department.m; sourceTree = "<group>"; };
		31B44A3318440BE2000DCAEC /* Course.h */ = {isa = PBXFileReference; fileEncoding = 4; lastKnownFileType = sourcecode.c.h; path = Course.h; sourceTree = "<group>"; };
		31B44A3418440BE2000DCAEC /* Course.m */ = {isa = PBXFileReference; fileEncoding = 4; lastKnownFileType = sourcecode.c.objc; path = Course.m; sourceTree = "<group>"; };
		703A55BC18559989005C9047 /* RegisterHalf2@1x.png */ = {isa = PBXFileReference; lastKnownFileType = image.png; path = "RegisterHalf2@1x.png"; sourceTree = "<group>"; };
		703A55BD18559989005C9047 /* RegisterHalf2@2x.png */ = {isa = PBXFileReference; lastKnownFileType = image.png; path = "RegisterHalf2@2x.png"; sourceTree = "<group>"; };
		703A55BE18559989005C9047 /* Remove2@1x.png */ = {isa = PBXFileReference; lastKnownFileType = image.png; path = "Remove2@1x.png"; sourceTree = "<group>"; };
		703A55BF18559989005C9047 /* Remove2@2x.png */ = {isa = PBXFileReference; lastKnownFileType = image.png; path = "Remove2@2x.png"; sourceTree = "<group>"; };
		703A55CA18559CB9005C9047 /* locs.txt */ = {isa = PBXFileReference; fileEncoding = 4; lastKnownFileType = text; name = locs.txt; path = ../../Desktop/locs.txt; sourceTree = "<group>"; };
		703A55CB18559CB9005C9047 /* profs.txt */ = {isa = PBXFileReference; fileEncoding = 4; lastKnownFileType = text; name = profs.txt; path = ../../Desktop/profs.txt; sourceTree = "<group>"; };
		703D626F18514F9E004F263A /* CoursePreviewAlertViewController.h */ = {isa = PBXFileReference; fileEncoding = 4; lastKnownFileType = sourcecode.c.h; path = CoursePreviewAlertViewController.h; sourceTree = "<group>"; };
		703D627018514F9E004F263A /* CoursePreviewAlertViewController.m */ = {isa = PBXFileReference; fileEncoding = 4; lastKnownFileType = sourcecode.c.objc; path = CoursePreviewAlertViewController.m; sourceTree = "<group>"; };
		703D627218514FAB004F263A /* CriticalReviewAlertViewController.h */ = {isa = PBXFileReference; fileEncoding = 4; lastKnownFileType = sourcecode.c.h; path = CriticalReviewAlertViewController.h; sourceTree = "<group>"; };
		703D627318514FAB004F263A /* CriticalReviewAlertViewController.m */ = {isa = PBXFileReference; fileEncoding = 4; lastKnownFileType = sourcecode.c.objc; path = CriticalReviewAlertViewController.m; sourceTree = "<group>"; };
		70572E3A1843CB7A00118ECD /* CourseAlertViewController.h */ = {isa = PBXFileReference; fileEncoding = 4; lastKnownFileType = sourcecode.c.h; path = CourseAlertViewController.h; sourceTree = "<group>"; };
		70572E3B1843CB7A00118ECD /* CourseAlertViewController.m */ = {isa = PBXFileReference; fileEncoding = 4; lastKnownFileType = sourcecode.c.objc; path = CourseAlertViewController.m; sourceTree = "<group>"; };
		705E61BB184EB4C500BAA7D2 /* WebViewController.h */ = {isa = PBXFileReference; fileEncoding = 4; lastKnownFileType = sourcecode.c.h; path = WebViewController.h; sourceTree = "<group>"; };
		705E61BC184EB4C500BAA7D2 /* WebViewController.m */ = {isa = PBXFileReference; fileEncoding = 4; lastKnownFileType = sourcecode.c.objc; path = WebViewController.m; sourceTree = "<group>"; };
		70C2AFC8185590420086D9CE /* UnregisterAlertViewController.h */ = {isa = PBXFileReference; fileEncoding = 4; lastKnownFileType = sourcecode.c.h; path = UnregisterAlertViewController.h; sourceTree = "<group>"; };
		70C2AFC9185590420086D9CE /* UnregisterAlertViewController.m */ = {isa = PBXFileReference; fileEncoding = 4; lastKnownFileType = sourcecode.c.objc; path = UnregisterAlertViewController.m; sourceTree = "<group>"; };
		70C2AFCB1855904C0086D9CE /* RegisterAlertViewController.h */ = {isa = PBXFileReference; fileEncoding = 4; lastKnownFileType = sourcecode.c.h; path = RegisterAlertViewController.h; sourceTree = "<group>"; };
		70C2AFCC1855904C0086D9CE /* RegisterAlertViewController.m */ = {isa = PBXFileReference; fileEncoding = 4; lastKnownFileType = sourcecode.c.objc; path = RegisterAlertViewController.m; sourceTree = "<group>"; };
		70D998F9185539D9009346BE /* AddToCart@1x.png */ = {isa = PBXFileReference; lastKnownFileType = image.png; path = "AddToCart@1x.png"; sourceTree = "<group>"; };
		70D998FA185539D9009346BE /* AddToCart@2x.png */ = {isa = PBXFileReference; lastKnownFileType = image.png; path = "AddToCart@2x.png"; sourceTree = "<group>"; };
		70D998FB185539D9009346BE /* DoNotNotify@1x.png */ = {isa = PBXFileReference; lastKnownFileType = image.png; path = "DoNotNotify@1x.png"; sourceTree = "<group>"; };
		70D998FC185539D9009346BE /* DoNotNotify@2x.png */ = {isa = PBXFileReference; lastKnownFileType = image.png; path = "DoNotNotify@2x.png"; sourceTree = "<group>"; };
		70D998FD185539D9009346BE /* NotifyMe@1x.png */ = {isa = PBXFileReference; lastKnownFileType = image.png; path = "NotifyMe@1x.png"; sourceTree = "<group>"; };
		70D998FE185539D9009346BE /* NotifyMe@2x.png */ = {isa = PBXFileReference; lastKnownFileType = image.png; path = "NotifyMe@2x.png"; sourceTree = "<group>"; };
		70D99905185539D9009346BE /* Unregister@1x.png */ = {isa = PBXFileReference; lastKnownFileType = image.png; path = "Unregister@1x.png"; sourceTree = "<group>"; };
		70D99906185539D9009346BE /* Unregister@2x.png */ = {isa = PBXFileReference; lastKnownFileType = image.png; path = "Unregister@2x.png"; sourceTree = "<group>"; };
		8C2A095A18555C27000C517B /* CalendarMenuViewController.h */ = {isa = PBXFileReference; fileEncoding = 4; lastKnownFileType = sourcecode.c.h; name = CalendarMenuViewController.h; path = ../CalendarMenuViewController.h; sourceTree = "<group>"; };
		8C2A095B18555C27000C517B /* CalendarMenuViewController.m */ = {isa = PBXFileReference; fileEncoding = 4; lastKnownFileType = sourcecode.c.objc; name = CalendarMenuViewController.m; path = ../CalendarMenuViewController.m; sourceTree = "<group>"; };
		8C2A095D18555CA7000C517B /* TWTSideMenuViewController.h */ = {isa = PBXFileReference; fileEncoding = 4; lastKnownFileType = sourcecode.c.h; path = TWTSideMenuViewController.h; sourceTree = "<group>"; };
		8C2A095E18555CB4000C517B /* TWTSideMenuViewController.m */ = {isa = PBXFileReference; fileEncoding = 4; lastKnownFileType = sourcecode.c.objc; path = TWTSideMenuViewController.m; sourceTree = "<group>"; };
		8C2CD67F17F2CC0500CAA5EF /* CourseShopper.app */ = {isa = PBXFileReference; explicitFileType = wrapper.application; includeInIndex = 0; path = CourseShopper.app; sourceTree = BUILT_PRODUCTS_DIR; };
		8C2CD68217F2CC0500CAA5EF /* Foundation.framework */ = {isa = PBXFileReference; lastKnownFileType = wrapper.framework; name = Foundation.framework; path = System/Library/Frameworks/Foundation.framework; sourceTree = SDKROOT; };
		8C2CD68417F2CC0500CAA5EF /* CoreGraphics.framework */ = {isa = PBXFileReference; lastKnownFileType = wrapper.framework; name = CoreGraphics.framework; path = System/Library/Frameworks/CoreGraphics.framework; sourceTree = SDKROOT; };
		8C2CD68617F2CC0500CAA5EF /* UIKit.framework */ = {isa = PBXFileReference; lastKnownFileType = wrapper.framework; name = UIKit.framework; path = System/Library/Frameworks/UIKit.framework; sourceTree = SDKROOT; };
		8C2CD68A17F2CC0500CAA5EF /* CourseShopper-Info.plist */ = {isa = PBXFileReference; lastKnownFileType = text.plist.xml; path = "CourseShopper-Info.plist"; sourceTree = "<group>"; };
		8C2CD68C17F2CC0500CAA5EF /* en */ = {isa = PBXFileReference; lastKnownFileType = text.plist.strings; name = en; path = en.lproj/InfoPlist.strings; sourceTree = "<group>"; };
		8C2CD68E17F2CC0500CAA5EF /* main.m */ = {isa = PBXFileReference; lastKnownFileType = sourcecode.c.objc; path = main.m; sourceTree = "<group>"; };
		8C2CD69017F2CC0500CAA5EF /* CourseShopper-Prefix.pch */ = {isa = PBXFileReference; lastKnownFileType = sourcecode.c.h; path = "CourseShopper-Prefix.pch"; sourceTree = "<group>"; };
		8C2CD69117F2CC0500CAA5EF /* AppDelegate.h */ = {isa = PBXFileReference; lastKnownFileType = sourcecode.c.h; path = AppDelegate.h; sourceTree = "<group>"; };
		8C2CD69217F2CC0500CAA5EF /* AppDelegate.m */ = {isa = PBXFileReference; lastKnownFileType = sourcecode.c.objc; path = AppDelegate.m; sourceTree = "<group>"; };
		8C2CD69517F2CC0500CAA5EF /* Base */ = {isa = PBXFileReference; lastKnownFileType = file.storyboard; name = Base; path = Base.lproj/Main_iPhone.storyboard; sourceTree = "<group>"; };
		8C2CD69817F2CC0500CAA5EF /* Base */ = {isa = PBXFileReference; lastKnownFileType = file.storyboard; name = Base; path = Base.lproj/Main_iPad.storyboard; sourceTree = "<group>"; };
		8C2CD69D17F2CC0500CAA5EF /* Images.xcassets */ = {isa = PBXFileReference; lastKnownFileType = folder.assetcatalog; path = Images.xcassets; sourceTree = "<group>"; };
		8C2CD6A317F2CC0500CAA5EF /* CourseShopperTests.xctest */ = {isa = PBXFileReference; explicitFileType = wrapper.cfbundle; includeInIndex = 0; path = CourseShopperTests.xctest; sourceTree = BUILT_PRODUCTS_DIR; };
		8C2CD6A417F2CC0500CAA5EF /* XCTest.framework */ = {isa = PBXFileReference; lastKnownFileType = wrapper.framework; name = XCTest.framework; path = Library/Frameworks/XCTest.framework; sourceTree = DEVELOPER_DIR; };
		8C2CD6AC17F2CC0500CAA5EF /* CourseShopperTests-Info.plist */ = {isa = PBXFileReference; lastKnownFileType = text.plist.xml; path = "CourseShopperTests-Info.plist"; sourceTree = "<group>"; };
		8C2CD6AE17F2CC0500CAA5EF /* en */ = {isa = PBXFileReference; lastKnownFileType = text.plist.strings; name = en; path = en.lproj/InfoPlist.strings; sourceTree = "<group>"; };
		8C2CD6B017F2CC0500CAA5EF /* CourseShopperTests.m */ = {isa = PBXFileReference; lastKnownFileType = sourcecode.c.objc; path = CourseShopperTests.m; sourceTree = "<group>"; };
		8CA9173F183D384A0059A923 /* CalendarViewController.h */ = {isa = PBXFileReference; fileEncoding = 4; lastKnownFileType = sourcecode.c.h; name = CalendarViewController.h; path = ../CalendarViewController.h; sourceTree = "<group>"; };
		8CA91740183D384A0059A923 /* CalendarViewController.m */ = {isa = PBXFileReference; fileEncoding = 4; lastKnownFileType = sourcecode.c.objc; name = CalendarViewController.m; path = ../CalendarViewController.m; sourceTree = "<group>"; };
		8CA91743183D39370059A923 /* LoginViewController.h */ = {isa = PBXFileReference; fileEncoding = 4; lastKnownFileType = sourcecode.c.h; name = LoginViewController.h; path = ../LoginViewController.h; sourceTree = "<group>"; };
		8CA91744183D39370059A923 /* LoginViewController.m */ = {isa = PBXFileReference; fileEncoding = 4; lastKnownFileType = sourcecode.c.objc; name = LoginViewController.m; path = ../LoginViewController.m; sourceTree = "<group>"; };
		8CA91747183D3E650059A923 /* DepartmentTableViewController.h */ = {isa = PBXFileReference; fileEncoding = 4; lastKnownFileType = sourcecode.c.h; path = DepartmentTableViewController.h; sourceTree = "<group>"; };
		8CA91748183D3E650059A923 /* DepartmentTableViewController.m */ = {isa = PBXFileReference; fileEncoding = 4; lastKnownFileType = sourcecode.c.objc; path = DepartmentTableViewController.m; sourceTree = "<group>"; };
		8CA9174B183D42C20059A923 /* CourseTableViewController.h */ = {isa = PBXFileReference; fileEncoding = 4; lastKnownFileType = sourcecode.c.h; path = CourseTableViewController.h; sourceTree = "<group>"; };
		8CA9174C183D42C20059A923 /* CourseTableViewController.m */ = {isa = PBXFileReference; fileEncoding = 4; lastKnownFileType = sourcecode.c.objc; path = CourseTableViewController.m; sourceTree = "<group>"; };
		8CA9174F183D42FA0059A923 /* CourseViewController.h */ = {isa = PBXFileReference; fileEncoding = 4; lastKnownFileType = sourcecode.c.h; path = CourseViewController.h; sourceTree = "<group>"; };
		8CA91750183D42FA0059A923 /* CourseViewController.m */ = {isa = PBXFileReference; fileEncoding = 4; lastKnownFileType = sourcecode.c.objc; path = CourseViewController.m; sourceTree = "<group>"; };
/* End PBXFileReference section */

/* Begin PBXFrameworksBuildPhase section */
		8C2CD67C17F2CC0500CAA5EF /* Frameworks */ = {
			isa = PBXFrameworksBuildPhase;
			buildActionMask = 2147483647;
			files = (
				3134D35B184124E5008DFEB6 /* CoreData.framework in Frameworks */,
				8C2CD68517F2CC0500CAA5EF /* CoreGraphics.framework in Frameworks */,
				8C2CD68717F2CC0500CAA5EF /* UIKit.framework in Frameworks */,
				8C2CD68317F2CC0500CAA5EF /* Foundation.framework in Frameworks */,
			);
			runOnlyForDeploymentPostprocessing = 0;
		};
		8C2CD6A017F2CC0500CAA5EF /* Frameworks */ = {
			isa = PBXFrameworksBuildPhase;
			buildActionMask = 2147483647;
			files = (
				8C2CD6A517F2CC0500CAA5EF /* XCTest.framework in Frameworks */,
				8C2CD6A717F2CC0500CAA5EF /* UIKit.framework in Frameworks */,
				8C2CD6A617F2CC0500CAA5EF /* Foundation.framework in Frameworks */,
			);
			runOnlyForDeploymentPostprocessing = 0;
		};
/* End PBXFrameworksBuildPhase section */

/* Begin PBXGroup section */
		703D626B18514EFE004F263A /* Web Alert */ = {
			isa = PBXGroup;
			children = (
				703D626F18514F9E004F263A /* CoursePreviewAlertViewController.h */,
				703D627018514F9E004F263A /* CoursePreviewAlertViewController.m */,
				703D627218514FAB004F263A /* CriticalReviewAlertViewController.h */,
				703D627318514FAB004F263A /* CriticalReviewAlertViewController.m */,
			);
			name = "Web Alert";
			sourceTree = "<group>";
		};
		70572E391843CB4200118ECD /* Course Alert */ = {
			isa = PBXGroup;
			children = (
				70572E3A1843CB7A00118ECD /* CourseAlertViewController.h */,
				70572E3B1843CB7A00118ECD /* CourseAlertViewController.m */,
				70C2AFC8185590420086D9CE /* UnregisterAlertViewController.h */,
				70C2AFC9185590420086D9CE /* UnregisterAlertViewController.m */,
				70C2AFCB1855904C0086D9CE /* RegisterAlertViewController.h */,
				70C2AFCC1855904C0086D9CE /* RegisterAlertViewController.m */,
			);
			name = "Course Alert";
			sourceTree = "<group>";
		};
		705E61BA184EB24900BAA7D2 /* WebView */ = {
			isa = PBXGroup;
			children = (
				705E61BB184EB4C500BAA7D2 /* WebViewController.h */,
				705E61BC184EB4C500BAA7D2 /* WebViewController.m */,
			);
			name = WebView;
			sourceTree = "<group>";
		};
		8C2CD67617F2CC0500CAA5EF = {
			isa = PBXGroup;
			children = (
				8C2CD68817F2CC0500CAA5EF /* CourseShopper */,
				8C2CD6AA17F2CC0500CAA5EF /* CourseShopperTests */,
				8C2CD68117F2CC0500CAA5EF /* Frameworks */,
				8C2CD68017F2CC0500CAA5EF /* Products */,
			);
			sourceTree = "<group>";
		};
		8C2CD68017F2CC0500CAA5EF /* Products */ = {
			isa = PBXGroup;
			children = (
				8C2CD67F17F2CC0500CAA5EF /* CourseShopper.app */,
				8C2CD6A317F2CC0500CAA5EF /* CourseShopperTests.xctest */,
			);
			name = Products;
			sourceTree = "<group>";
		};
		8C2CD68117F2CC0500CAA5EF /* Frameworks */ = {
			isa = PBXGroup;
			children = (
				3134D35A184124E5008DFEB6 /* CoreData.framework */,
				8C2CD68217F2CC0500CAA5EF /* Foundation.framework */,
				8C2CD68417F2CC0500CAA5EF /* CoreGraphics.framework */,
				8C2CD68617F2CC0500CAA5EF /* UIKit.framework */,
				8C2CD6A417F2CC0500CAA5EF /* XCTest.framework */,
			);
			name = Frameworks;
			sourceTree = "<group>";
		};
		8C2CD68817F2CC0500CAA5EF /* CourseShopper */ = {
			isa = PBXGroup;
			children = (
				8C2A095E18555CB4000C517B /* TWTSideMenuViewController.m */,
				8C2A095D18555CA7000C517B /* TWTSideMenuViewController.h */,
				705E61BA184EB24900BAA7D2 /* WebView */,
				8C2CD69117F2CC0500CAA5EF /* AppDelegate.h */,
				8C2CD69217F2CC0500CAA5EF /* AppDelegate.m */,
				8C2CD69417F2CC0500CAA5EF /* Main_iPhone.storyboard */,
				8C2CD69717F2CC0500CAA5EF /* Main_iPad.storyboard */,
				8CA91746183D39470059A923 /* Login */,
				8CA91742183D38560059A923 /* Calendar */,
				8CA9174A183D3E6F0059A923 /* Department Table */,
				8CA9174E183D42C70059A923 /* Course Table */,
				8CA91753183D43110059A923 /* Course */,
				70572E391843CB4200118ECD /* Course Alert */,
				703D626B18514EFE004F263A /* Web Alert */,
				8C2CD68917F2CC0500CAA5EF /* Supporting Files */,
				3134D35C1841252E008DFEB6 /* CourseShopper.xcdatamodeld */,
				31B44A3318440BE2000DCAEC /* Course.h */,
				31B44A3418440BE2000DCAEC /* Course.m */,
				31B44A3018440BE1000DCAEC /* Department.h */,
				31B44A3118440BE1000DCAEC /* Department.m */,
				8C2CD69D17F2CC0500CAA5EF /* Images.xcassets */,
			);
			path = CourseShopper;
			sourceTree = "<group>";
		};
		8C2CD68917F2CC0500CAA5EF /* Supporting Files */ = {
			isa = PBXGroup;
			children = (
				17FFC48718559F7000A2699F /* desc.txt */,
				703A55CA18559CB9005C9047 /* locs.txt */,
				703A55CB18559CB9005C9047 /* profs.txt */,
				173EBBE6184EB640006D0C17 /* dps.plist */,
				176D8C3B1852503700BCEF28 /* abbrevs.txt */,
				176D8C3C1852503700BCEF28 /* class_list.json */,
				176D8C441852504900BCEF28 /* deps.txt */,
				176D8C451852504900BCEF28 /* deps.plist */,
				176D8C461852504900BCEF28 /* deptLong.txt */,
				176D8C471852504900BCEF28 /* deptList.txt */,
				176D8C3D1852503700BCEF28 /* titles.txt */,
				70D998F9185539D9009346BE /* AddToCart@1x.png */,
				703A55BC18559989005C9047 /* RegisterHalf2@1x.png */,
				703A55BD18559989005C9047 /* RegisterHalf2@2x.png */,
				703A55BE18559989005C9047 /* Remove2@1x.png */,
				703A55BF18559989005C9047 /* Remove2@2x.png */,
				70D998FA185539D9009346BE /* AddToCart@2x.png */,
				70D998FB185539D9009346BE /* DoNotNotify@1x.png */,
				70D998FC185539D9009346BE /* DoNotNotify@2x.png */,
				70D998FD185539D9009346BE /* NotifyMe@1x.png */,
				70D998FE185539D9009346BE /* NotifyMe@2x.png */,
				70D99905185539D9009346BE /* Unregister@1x.png */,
				70D99906185539D9009346BE /* Unregister@2x.png */,
				8C2CD68A17F2CC0500CAA5EF /* CourseShopper-Info.plist */,
				8C2CD68B17F2CC0500CAA5EF /* InfoPlist.strings */,
				8C2CD68E17F2CC0500CAA5EF /* main.m */,
				8C2CD69017F2CC0500CAA5EF /* CourseShopper-Prefix.pch */,
			);
			name = "Supporting Files";
			sourceTree = "<group>";
		};
		8C2CD6AA17F2CC0500CAA5EF /* CourseShopperTests */ = {
			isa = PBXGroup;
			children = (
				8C2CD6B017F2CC0500CAA5EF /* CourseShopperTests.m */,
				8C2CD6AB17F2CC0500CAA5EF /* Supporting Files */,
			);
			path = CourseShopperTests;
			sourceTree = "<group>";
		};
		8C2CD6AB17F2CC0500CAA5EF /* Supporting Files */ = {
			isa = PBXGroup;
			children = (
				8C2CD6AC17F2CC0500CAA5EF /* CourseShopperTests-Info.plist */,
				8C2CD6AD17F2CC0500CAA5EF /* InfoPlist.strings */,
			);
			name = "Supporting Files";
			sourceTree = "<group>";
		};
		8CA91742183D38560059A923 /* Calendar */ = {
			isa = PBXGroup;
			children = (
				8CA9173F183D384A0059A923 /* CalendarViewController.h */,
				8CA91740183D384A0059A923 /* CalendarViewController.m */,
				8C2A095A18555C27000C517B /* CalendarMenuViewController.h */,
				8C2A095B18555C27000C517B /* CalendarMenuViewController.m */,
			);
			name = Calendar;
			sourceTree = "<group>";
		};
		8CA91746183D39470059A923 /* Login */ = {
			isa = PBXGroup;
			children = (
				8CA91743183D39370059A923 /* LoginViewController.h */,
				8CA91744183D39370059A923 /* LoginViewController.m */,
			);
			name = Login;
			sourceTree = "<group>";
		};
		8CA9174A183D3E6F0059A923 /* Department Table */ = {
			isa = PBXGroup;
			children = (
				8CA91747183D3E650059A923 /* DepartmentTableViewController.h */,
				8CA91748183D3E650059A923 /* DepartmentTableViewController.m */,
			);
			name = "Department Table";
			sourceTree = "<group>";
		};
		8CA9174E183D42C70059A923 /* Course Table */ = {
			isa = PBXGroup;
			children = (
				8CA9174B183D42C20059A923 /* CourseTableViewController.h */,
				8CA9174C183D42C20059A923 /* CourseTableViewController.m */,
			);
			name = "Course Table";
			sourceTree = "<group>";
		};
		8CA91753183D43110059A923 /* Course */ = {
			isa = PBXGroup;
			children = (
				8CA9174F183D42FA0059A923 /* CourseViewController.h */,
				8CA91750183D42FA0059A923 /* CourseViewController.m */,
			);
			name = Course;
			sourceTree = "<group>";
		};
/* End PBXGroup section */

/* Begin PBXNativeTarget section */
		8C2CD67E17F2CC0500CAA5EF /* CourseShopper */ = {
			isa = PBXNativeTarget;
			buildConfigurationList = 8C2CD6B417F2CC0500CAA5EF /* Build configuration list for PBXNativeTarget "CourseShopper" */;
			buildPhases = (
				8C2CD67B17F2CC0500CAA5EF /* Sources */,
				8C2CD67C17F2CC0500CAA5EF /* Frameworks */,
				8C2CD67D17F2CC0500CAA5EF /* Resources */,
			);
			buildRules = (
			);
			dependencies = (
			);
			name = CourseShopper;
			productName = CourseShopper;
			productReference = 8C2CD67F17F2CC0500CAA5EF /* CourseShopper.app */;
			productType = "com.apple.product-type.application";
		};
		8C2CD6A217F2CC0500CAA5EF /* CourseShopperTests */ = {
			isa = PBXNativeTarget;
			buildConfigurationList = 8C2CD6B717F2CC0500CAA5EF /* Build configuration list for PBXNativeTarget "CourseShopperTests" */;
			buildPhases = (
				8C2CD69F17F2CC0500CAA5EF /* Sources */,
				8C2CD6A017F2CC0500CAA5EF /* Frameworks */,
				8C2CD6A117F2CC0500CAA5EF /* Resources */,
			);
			buildRules = (
			);
			dependencies = (
				8C2CD6A917F2CC0500CAA5EF /* PBXTargetDependency */,
			);
			name = CourseShopperTests;
			productName = CourseShopperTests;
			productReference = 8C2CD6A317F2CC0500CAA5EF /* CourseShopperTests.xctest */;
			productType = "com.apple.product-type.bundle.unit-test";
		};
/* End PBXNativeTarget section */

/* Begin PBXProject section */
		8C2CD67717F2CC0500CAA5EF /* Project object */ = {
			isa = PBXProject;
			attributes = {
				LastUpgradeCheck = 0500;
				ORGANIZATIONNAME = "Noah Fradin";
				TargetAttributes = {
					8C2CD6A217F2CC0500CAA5EF = {
						TestTargetID = 8C2CD67E17F2CC0500CAA5EF;
					};
				};
			};
			buildConfigurationList = 8C2CD67A17F2CC0500CAA5EF /* Build configuration list for PBXProject "CourseShopper" */;
			compatibilityVersion = "Xcode 3.2";
			developmentRegion = English;
			hasScannedForEncodings = 0;
			knownRegions = (
				en,
				Base,
			);
			mainGroup = 8C2CD67617F2CC0500CAA5EF;
			productRefGroup = 8C2CD68017F2CC0500CAA5EF /* Products */;
			projectDirPath = "";
			projectRoot = "";
			targets = (
				8C2CD67E17F2CC0500CAA5EF /* CourseShopper */,
				8C2CD6A217F2CC0500CAA5EF /* CourseShopperTests */,
			);
		};
/* End PBXProject section */

/* Begin PBXResourcesBuildPhase section */
		8C2CD67D17F2CC0500CAA5EF /* Resources */ = {
			isa = PBXResourcesBuildPhase;
			buildActionMask = 2147483647;
			files = (
				176D8C3E1852503700BCEF28 /* abbrevs.txt in Resources */,
				17FFC48818559F7000A2699F /* desc.txt in Resources */,
				8C2CD69917F2CC0500CAA5EF /* Main_iPad.storyboard in Resources */,
				176D8C4E1852504900BCEF28 /* deptList.txt in Resources */,
				70D9990B185539D9009346BE /* NotifyMe@1x.png in Resources */,
				8C2CD69E17F2CC0500CAA5EF /* Images.xcassets in Resources */,
				703A55C018559989005C9047 /* RegisterHalf2@1x.png in Resources */,
				70D9990C185539D9009346BE /* NotifyMe@2x.png in Resources */,
				70D99914185539D9009346BE /* Unregister@2x.png in Resources */,
				703A55C218559989005C9047 /* Remove2@1x.png in Resources */,
				8C2CD69617F2CC0500CAA5EF /* Main_iPhone.storyboard in Resources */,
				173EBBE7184EB640006D0C17 /* dps.plist in Resources */,
				8C2CD68D17F2CC0500CAA5EF /* InfoPlist.strings in Resources */,
				176D8C401852503700BCEF28 /* class_list.json in Resources */,
				176D8C4A1852504900BCEF28 /* deps.plist in Resources */,
				703A55C118559989005C9047 /* RegisterHalf2@2x.png in Resources */,
				176D8C4C1852504900BCEF28 /* deptLong.txt in Resources */,
				703A55C318559989005C9047 /* Remove2@2x.png in Resources */,
				176D8C481852504900BCEF28 /* deps.txt in Resources */,
				176D8C421852503700BCEF28 /* titles.txt in Resources */,
				70D99909185539D9009346BE /* DoNotNotify@1x.png in Resources */,
				70D9990A185539D9009346BE /* DoNotNotify@2x.png in Resources */,
				70D99913185539D9009346BE /* Unregister@1x.png in Resources */,
				70D99908185539D9009346BE /* AddToCart@2x.png in Resources */,
				703A55CE18559CB9005C9047 /* profs.txt in Resources */,
				703A55CD18559CB9005C9047 /* locs.txt in Resources */,
				8C2CD68D17F2CC0500CAA5EF /* InfoPlist.strings in Resources */,
				70D99907185539D9009346BE /* AddToCart@1x.png in Resources */,
			);
			runOnlyForDeploymentPostprocessing = 0;
		};
		8C2CD6A117F2CC0500CAA5EF /* Resources */ = {
			isa = PBXResourcesBuildPhase;
			buildActionMask = 2147483647;
			files = (
				8C2CD6AF17F2CC0500CAA5EF /* InfoPlist.strings in Resources */,
				176D8C4B1852504900BCEF28 /* deps.plist in Resources */,
				176D8C431852503700BCEF28 /* titles.txt in Resources */,
				176D8C3F1852503700BCEF28 /* abbrevs.txt in Resources */,
				176D8C411852503700BCEF28 /* class_list.json in Resources */,
				176D8C4F1852504900BCEF28 /* deptList.txt in Resources */,
				176D8C491852504900BCEF28 /* deps.txt in Resources */,
				173EBBE8184EB640006D0C17 /* dps.plist in Resources */,
				176D8C4D1852504900BCEF28 /* deptLong.txt in Resources */,
			);
			runOnlyForDeploymentPostprocessing = 0;
		};
/* End PBXResourcesBuildPhase section */

/* Begin PBXSourcesBuildPhase section */
		8C2CD67B17F2CC0500CAA5EF /* Sources */ = {
			isa = PBXSourcesBuildPhase;
			buildActionMask = 2147483647;
			files = (
				8CA9174D183D42C20059A923 /* CourseTableViewController.m in Sources */,
				8CA91745183D39370059A923 /* LoginViewController.m in Sources */,
				8CA91749183D3E650059A923 /* DepartmentTableViewController.m in Sources */,
				8CA91741183D384A0059A923 /* CalendarViewController.m in Sources */,
				31B44A3518440BE2000DCAEC /* Course.m in Sources */,
				3134D35E1841252E008DFEB6 /* CourseShopper.xcdatamodeld in Sources */,
				705E61BD184EB4C500BAA7D2 /* WebViewController.m in Sources */,
				8CA91751183D42FA0059A923 /* CourseViewController.m in Sources */,
				8C2A095C18555C27000C517B /* CalendarMenuViewController.m in Sources */,
				70C2AFCA185590420086D9CE /* UnregisterAlertViewController.m in Sources */,
				8C2CD69317F2CC0500CAA5EF /* AppDelegate.m in Sources */,
				70572E3C1843CB7A00118ECD /* CourseAlertViewController.m in Sources */,
				70C2AFCD1855904C0086D9CE /* RegisterAlertViewController.m in Sources */,
				703D627418514FAB004F263A /* CriticalReviewAlertViewController.m in Sources */,
				8C2CD68F17F2CC0500CAA5EF /* main.m in Sources */,
				31B44A3218440BE1000DCAEC /* Department.m in Sources */,
				8C2A095F18555CB4000C517B /* TWTSideMenuViewController.m in Sources */,
				703D627118514F9E004F263A /* CoursePreviewAlertViewController.m in Sources */,
			);
			runOnlyForDeploymentPostprocessing = 0;
		};
		8C2CD69F17F2CC0500CAA5EF /* Sources */ = {
			isa = PBXSourcesBuildPhase;
			buildActionMask = 2147483647;
			files = (
				8C2CD6B117F2CC0500CAA5EF /* CourseShopperTests.m in Sources */,
			);
			runOnlyForDeploymentPostprocessing = 0;
		};
/* End PBXSourcesBuildPhase section */

/* Begin PBXTargetDependency section */
		8C2CD6A917F2CC0500CAA5EF /* PBXTargetDependency */ = {
			isa = PBXTargetDependency;
			target = 8C2CD67E17F2CC0500CAA5EF /* CourseShopper */;
			targetProxy = 8C2CD6A817F2CC0500CAA5EF /* PBXContainerItemProxy */;
		};
/* End PBXTargetDependency section */

/* Begin PBXVariantGroup section */
		8C2CD68B17F2CC0500CAA5EF /* InfoPlist.strings */ = {
			isa = PBXVariantGroup;
			children = (
				8C2CD68C17F2CC0500CAA5EF /* en */,
			);
			name = InfoPlist.strings;
			sourceTree = "<group>";
		};
		8C2CD69417F2CC0500CAA5EF /* Main_iPhone.storyboard */ = {
			isa = PBXVariantGroup;
			children = (
				8C2CD69517F2CC0500CAA5EF /* Base */,
			);
			name = Main_iPhone.storyboard;
			sourceTree = "<group>";
		};
		8C2CD69717F2CC0500CAA5EF /* Main_iPad.storyboard */ = {
			isa = PBXVariantGroup;
			children = (
				8C2CD69817F2CC0500CAA5EF /* Base */,
			);
			name = Main_iPad.storyboard;
			sourceTree = "<group>";
		};
		8C2CD6AD17F2CC0500CAA5EF /* InfoPlist.strings */ = {
			isa = PBXVariantGroup;
			children = (
				8C2CD6AE17F2CC0500CAA5EF /* en */,
			);
			name = InfoPlist.strings;
			sourceTree = "<group>";
		};
/* End PBXVariantGroup section */

/* Begin XCBuildConfiguration section */
		8C2CD6B217F2CC0500CAA5EF /* Debug */ = {
			isa = XCBuildConfiguration;
			buildSettings = {
				ALWAYS_SEARCH_USER_PATHS = NO;
				ARCHS = "$(ARCHS_STANDARD_INCLUDING_64_BIT)";
				CLANG_CXX_LANGUAGE_STANDARD = "gnu++0x";
				CLANG_CXX_LIBRARY = "libc++";
				CLANG_ENABLE_MODULES = YES;
				CLANG_ENABLE_OBJC_ARC = YES;
				CLANG_WARN_BOOL_CONVERSION = YES;
				CLANG_WARN_CONSTANT_CONVERSION = YES;
				CLANG_WARN_DIRECT_OBJC_ISA_USAGE = YES_ERROR;
				CLANG_WARN_EMPTY_BODY = YES;
				CLANG_WARN_ENUM_CONVERSION = YES;
				CLANG_WARN_INT_CONVERSION = YES;
				CLANG_WARN_OBJC_ROOT_CLASS = YES_ERROR;
				CLANG_WARN__DUPLICATE_METHOD_MATCH = YES;
				"CODE_SIGN_IDENTITY[sdk=iphoneos*]" = "iPhone Developer";
				COPY_PHASE_STRIP = NO;
				GCC_C_LANGUAGE_STANDARD = gnu99;
				GCC_DYNAMIC_NO_PIC = NO;
				GCC_OPTIMIZATION_LEVEL = 0;
				GCC_PREPROCESSOR_DEFINITIONS = (
					"DEBUG=1",
					"$(inherited)",
				);
				GCC_SYMBOLS_PRIVATE_EXTERN = NO;
				GCC_WARN_64_TO_32_BIT_CONVERSION = YES;
				GCC_WARN_ABOUT_RETURN_TYPE = YES_ERROR;
				GCC_WARN_UNDECLARED_SELECTOR = YES;
				GCC_WARN_UNINITIALIZED_AUTOS = YES;
				GCC_WARN_UNUSED_FUNCTION = YES;
				GCC_WARN_UNUSED_VARIABLE = YES;
				IPHONEOS_DEPLOYMENT_TARGET = 7.0;
				ONLY_ACTIVE_ARCH = YES;
				SDKROOT = iphoneos;
				TARGETED_DEVICE_FAMILY = "1,2";
			};
			name = Debug;
		};
		8C2CD6B317F2CC0500CAA5EF /* Release */ = {
			isa = XCBuildConfiguration;
			buildSettings = {
				ALWAYS_SEARCH_USER_PATHS = NO;
				ARCHS = "$(ARCHS_STANDARD_INCLUDING_64_BIT)";
				CLANG_CXX_LANGUAGE_STANDARD = "gnu++0x";
				CLANG_CXX_LIBRARY = "libc++";
				CLANG_ENABLE_MODULES = YES;
				CLANG_ENABLE_OBJC_ARC = YES;
				CLANG_WARN_BOOL_CONVERSION = YES;
				CLANG_WARN_CONSTANT_CONVERSION = YES;
				CLANG_WARN_DIRECT_OBJC_ISA_USAGE = YES_ERROR;
				CLANG_WARN_EMPTY_BODY = YES;
				CLANG_WARN_ENUM_CONVERSION = YES;
				CLANG_WARN_INT_CONVERSION = YES;
				CLANG_WARN_OBJC_ROOT_CLASS = YES_ERROR;
				CLANG_WARN__DUPLICATE_METHOD_MATCH = YES;
				"CODE_SIGN_IDENTITY[sdk=iphoneos*]" = "iPhone Developer";
				COPY_PHASE_STRIP = YES;
				ENABLE_NS_ASSERTIONS = NO;
				GCC_C_LANGUAGE_STANDARD = gnu99;
				GCC_WARN_64_TO_32_BIT_CONVERSION = YES;
				GCC_WARN_ABOUT_RETURN_TYPE = YES_ERROR;
				GCC_WARN_UNDECLARED_SELECTOR = YES;
				GCC_WARN_UNINITIALIZED_AUTOS = YES;
				GCC_WARN_UNUSED_FUNCTION = YES;
				GCC_WARN_UNUSED_VARIABLE = YES;
				IPHONEOS_DEPLOYMENT_TARGET = 7.0;
				SDKROOT = iphoneos;
				TARGETED_DEVICE_FAMILY = "1,2";
				VALIDATE_PRODUCT = YES;
			};
			name = Release;
		};
		8C2CD6B517F2CC0500CAA5EF /* Debug */ = {
			isa = XCBuildConfiguration;
			buildSettings = {
				ASSETCATALOG_COMPILER_APPICON_NAME = AppIcon;
				ASSETCATALOG_COMPILER_LAUNCHIMAGE_NAME = LaunchImage;
				GCC_PRECOMPILE_PREFIX_HEADER = YES;
				GCC_PREFIX_HEADER = "CourseShopper/CourseShopper-Prefix.pch";
				INFOPLIST_FILE = "CourseShopper/CourseShopper-Info.plist";
				PRODUCT_NAME = "$(TARGET_NAME)";
				WRAPPER_EXTENSION = app;
			};
			name = Debug;
		};
		8C2CD6B617F2CC0500CAA5EF /* Release */ = {
			isa = XCBuildConfiguration;
			buildSettings = {
				ASSETCATALOG_COMPILER_APPICON_NAME = AppIcon;
				ASSETCATALOG_COMPILER_LAUNCHIMAGE_NAME = LaunchImage;
				GCC_PRECOMPILE_PREFIX_HEADER = YES;
				GCC_PREFIX_HEADER = "CourseShopper/CourseShopper-Prefix.pch";
				INFOPLIST_FILE = "CourseShopper/CourseShopper-Info.plist";
				PRODUCT_NAME = "$(TARGET_NAME)";
				WRAPPER_EXTENSION = app;
			};
			name = Release;
		};
		8C2CD6B817F2CC0500CAA5EF /* Debug */ = {
			isa = XCBuildConfiguration;
			buildSettings = {
				ARCHS = "$(ARCHS_STANDARD_INCLUDING_64_BIT)";
				BUNDLE_LOADER = "$(BUILT_PRODUCTS_DIR)/CourseShopper.app/CourseShopper";
				FRAMEWORK_SEARCH_PATHS = (
					"$(SDKROOT)/Developer/Library/Frameworks",
					"$(inherited)",
					"$(DEVELOPER_FRAMEWORKS_DIR)",
				);
				GCC_PRECOMPILE_PREFIX_HEADER = YES;
				GCC_PREFIX_HEADER = "CourseShopper/CourseShopper-Prefix.pch";
				GCC_PREPROCESSOR_DEFINITIONS = (
					"DEBUG=1",
					"$(inherited)",
				);
				INFOPLIST_FILE = "CourseShopperTests/CourseShopperTests-Info.plist";
				PRODUCT_NAME = "$(TARGET_NAME)";
				TEST_HOST = "$(BUNDLE_LOADER)";
				WRAPPER_EXTENSION = xctest;
			};
			name = Debug;
		};
		8C2CD6B917F2CC0500CAA5EF /* Release */ = {
			isa = XCBuildConfiguration;
			buildSettings = {
				ARCHS = "$(ARCHS_STANDARD_INCLUDING_64_BIT)";
				BUNDLE_LOADER = "$(BUILT_PRODUCTS_DIR)/CourseShopper.app/CourseShopper";
				FRAMEWORK_SEARCH_PATHS = (
					"$(SDKROOT)/Developer/Library/Frameworks",
					"$(inherited)",
					"$(DEVELOPER_FRAMEWORKS_DIR)",
				);
				GCC_PRECOMPILE_PREFIX_HEADER = YES;
				GCC_PREFIX_HEADER = "CourseShopper/CourseShopper-Prefix.pch";
				INFOPLIST_FILE = "CourseShopperTests/CourseShopperTests-Info.plist";
				PRODUCT_NAME = "$(TARGET_NAME)";
				TEST_HOST = "$(BUNDLE_LOADER)";
				WRAPPER_EXTENSION = xctest;
			};
			name = Release;
		};
/* End XCBuildConfiguration section */

/* Begin XCConfigurationList section */
		8C2CD67A17F2CC0500CAA5EF /* Build configuration list for PBXProject "CourseShopper" */ = {
			isa = XCConfigurationList;
			buildConfigurations = (
				8C2CD6B217F2CC0500CAA5EF /* Debug */,
				8C2CD6B317F2CC0500CAA5EF /* Release */,
			);
			defaultConfigurationIsVisible = 0;
			defaultConfigurationName = Release;
		};
		8C2CD6B417F2CC0500CAA5EF /* Build configuration list for PBXNativeTarget "CourseShopper" */ = {
			isa = XCConfigurationList;
			buildConfigurations = (
				8C2CD6B517F2CC0500CAA5EF /* Debug */,
				8C2CD6B617F2CC0500CAA5EF /* Release */,
			);
			defaultConfigurationIsVisible = 0;
			defaultConfigurationName = Release;
		};
		8C2CD6B717F2CC0500CAA5EF /* Build configuration list for PBXNativeTarget "CourseShopperTests" */ = {
			isa = XCConfigurationList;
			buildConfigurations = (
				8C2CD6B817F2CC0500CAA5EF /* Debug */,
				8C2CD6B917F2CC0500CAA5EF /* Release */,
			);
			defaultConfigurationIsVisible = 0;
			defaultConfigurationName = Release;
		};
/* End XCConfigurationList section */

/* Begin XCVersionGroup section */
		3134D35C1841252E008DFEB6 /* CourseShopper.xcdatamodeld */ = {
			isa = XCVersionGroup;
			children = (
				3134D35D1841252E008DFEB6 /* CourseShopper.xcdatamodel */,
			);
			currentVersion = 3134D35D1841252E008DFEB6 /* CourseShopper.xcdatamodel */;
			path = CourseShopper.xcdatamodeld;
			sourceTree = "<group>";
			versionGroupType = wrapper.xcdatamodel;
		};
/* End XCVersionGroup section */
	};
	rootObject = 8C2CD67717F2CC0500CAA5EF /* Project object */;
}
